// !$*UTF8*$!
{
	archiveVersion = 1;
	classes = {
	};
	objectVersion = 55;
	objects = {

/* Begin PBXBuildFile section */
		57558E59285AC36500B61D64 /* ViewController.swift in Sources */ = {isa = PBXBuildFile; fileRef = 57558E58285AC36500B61D64 /* ViewController.swift */; };
		57ACEA0C2854E23E004D6F23 /* Tests_iOS.swift in Sources */ = {isa = PBXBuildFile; fileRef = 57ACEA0B2854E23E004D6F23 /* Tests_iOS.swift */; };
		57ACEA0E2854E23E004D6F23 /* Tests_iOSLaunchTests.swift in Sources */ = {isa = PBXBuildFile; fileRef = 57ACEA0D2854E23E004D6F23 /* Tests_iOSLaunchTests.swift */; };
		57ACEA182854E23E004D6F23 /* Tests_macOS.swift in Sources */ = {isa = PBXBuildFile; fileRef = 57ACEA172854E23E004D6F23 /* Tests_macOS.swift */; };
		57ACEA1A2854E23E004D6F23 /* Tests_macOSLaunchTests.swift in Sources */ = {isa = PBXBuildFile; fileRef = 57ACEA192854E23E004D6F23 /* Tests_macOSLaunchTests.swift */; };
		57ACEA1B2854E23E004D6F23 /* MetalbrotApp.swift in Sources */ = {isa = PBXBuildFile; fileRef = 57ACE9F32854E23A004D6F23 /* MetalbrotApp.swift */; };
		57ACEA1C2854E23E004D6F23 /* MetalbrotApp.swift in Sources */ = {isa = PBXBuildFile; fileRef = 57ACE9F32854E23A004D6F23 /* MetalbrotApp.swift */; };
		57ACEA1D2854E23E004D6F23 /* ContentView.swift in Sources */ = {isa = PBXBuildFile; fileRef = 57ACE9F42854E23A004D6F23 /* ContentView.swift */; };
		57ACEA1E2854E23E004D6F23 /* ContentView.swift in Sources */ = {isa = PBXBuildFile; fileRef = 57ACE9F42854E23A004D6F23 /* ContentView.swift */; };
		57ACEA1F2854E23E004D6F23 /* Assets.xcassets in Resources */ = {isa = PBXBuildFile; fileRef = 57ACE9F52854E23E004D6F23 /* Assets.xcassets */; };
		57ACEA202854E23E004D6F23 /* Assets.xcassets in Resources */ = {isa = PBXBuildFile; fileRef = 57ACE9F52854E23E004D6F23 /* Assets.xcassets */; };
		57ACEA332854E2B1004D6F23 /* MetalBrotView.swift in Sources */ = {isa = PBXBuildFile; fileRef = 57ACEA322854E2B1004D6F23 /* MetalBrotView.swift */; };
		57ACEA3C2854E823004D6F23 /* Renderer.swift in Sources */ = {isa = PBXBuildFile; fileRef = 57ACEA3B2854E823004D6F23 /* Renderer.swift */; };
		57ACEA3D2854E823004D6F23 /* Renderer.swift in Sources */ = {isa = PBXBuildFile; fileRef = 57ACEA3B2854E823004D6F23 /* Renderer.swift */; };
		57ACEA3F2854E87E004D6F23 /* Helpers.swift in Sources */ = {isa = PBXBuildFile; fileRef = 57ACEA3E2854E87E004D6F23 /* Helpers.swift */; };
		57ACEA402854E87E004D6F23 /* Helpers.swift in Sources */ = {isa = PBXBuildFile; fileRef = 57ACEA3E2854E87E004D6F23 /* Helpers.swift */; };
		57ACEA422854F43C004D6F23 /* Brot.metal in Sources */ = {isa = PBXBuildFile; fileRef = 57ACEA352854E7A0004D6F23 /* Brot.metal */; };
		57ACEA432854F43D004D6F23 /* Brot.metal in Sources */ = {isa = PBXBuildFile; fileRef = 57ACEA352854E7A0004D6F23 /* Brot.metal */; };
		57ACEA4B2854F56D004D6F23 /* MetalBrot - Watch WatchKit App.app in Embed Watch Content */ = {isa = PBXBuildFile; fileRef = 57ACEA4A2854F56D004D6F23 /* MetalBrot - Watch WatchKit App.app */; settings = {ATTRIBUTES = (RemoveHeadersOnCopy, ); }; };
		57ACEA512854F56D004D6F23 /* Interface.storyboard in Resources */ = {isa = PBXBuildFile; fileRef = 57ACEA4F2854F56D004D6F23 /* Interface.storyboard */; };
		57ACEA532854F56F004D6F23 /* Assets.xcassets in Resources */ = {isa = PBXBuildFile; fileRef = 57ACEA522854F56F004D6F23 /* Assets.xcassets */; };
		57ACEA592854F56F004D6F23 /* MetalBrot - Watch WatchKit Extension.appex in Embed App Extensions */ = {isa = PBXBuildFile; fileRef = 57ACEA582854F56F004D6F23 /* MetalBrot - Watch WatchKit Extension.appex */; settings = {ATTRIBUTES = (RemoveHeadersOnCopy, ); }; };
		57ACEA5E2854F56F004D6F23 /* InterfaceController.swift in Sources */ = {isa = PBXBuildFile; fileRef = 57ACEA5D2854F56F004D6F23 /* InterfaceController.swift */; };
		57ACEA602854F56F004D6F23 /* ExtensionDelegate.swift in Sources */ = {isa = PBXBuildFile; fileRef = 57ACEA5F2854F56F004D6F23 /* ExtensionDelegate.swift */; };
		57ACEA622854F56F004D6F23 /* ComplicationController.swift in Sources */ = {isa = PBXBuildFile; fileRef = 57ACEA612854F56F004D6F23 /* ComplicationController.swift */; };
		57ACEA642854F570004D6F23 /* Assets.xcassets in Resources */ = {isa = PBXBuildFile; fileRef = 57ACEA632854F570004D6F23 /* Assets.xcassets */; };
/* End PBXBuildFile section */

/* Begin PBXContainerItemProxy section */
		57ACEA082854E23E004D6F23 /* PBXContainerItemProxy */ = {
			isa = PBXContainerItemProxy;
			containerPortal = 57ACE9EE2854E23A004D6F23 /* Project object */;
			proxyType = 1;
			remoteGlobalIDString = 57ACE9F92854E23E004D6F23;
			remoteInfo = "Metalbrot (iOS)";
		};
		57ACEA142854E23E004D6F23 /* PBXContainerItemProxy */ = {
			isa = PBXContainerItemProxy;
			containerPortal = 57ACE9EE2854E23A004D6F23 /* Project object */;
			proxyType = 1;
			remoteGlobalIDString = 57ACE9FF2854E23E004D6F23;
			remoteInfo = "Metalbrot (macOS)";
		};
		57ACEA4C2854F56D004D6F23 /* PBXContainerItemProxy */ = {
			isa = PBXContainerItemProxy;
			containerPortal = 57ACE9EE2854E23A004D6F23 /* Project object */;
			proxyType = 1;
			remoteGlobalIDString = 57ACEA492854F56D004D6F23;
			remoteInfo = "MetalBrot - Watch WatchKit App";
		};
		57ACEA5A2854F56F004D6F23 /* PBXContainerItemProxy */ = {
			isa = PBXContainerItemProxy;
			containerPortal = 57ACE9EE2854E23A004D6F23 /* Project object */;
			proxyType = 1;
			remoteGlobalIDString = 57ACEA572854F56F004D6F23;
			remoteInfo = "MetalBrot - Watch WatchKit Extension";
		};
/* End PBXContainerItemProxy section */

/* Begin PBXCopyFilesBuildPhase section */
		57ACEA692854F570004D6F23 /* Embed App Extensions */ = {
			isa = PBXCopyFilesBuildPhase;
			buildActionMask = 2147483647;
			dstPath = "";
			dstSubfolderSpec = 13;
			files = (
				57ACEA592854F56F004D6F23 /* MetalBrot - Watch WatchKit Extension.appex in Embed App Extensions */,
			);
			name = "Embed App Extensions";
			runOnlyForDeploymentPostprocessing = 0;
		};
		57ACEA6D2854F570004D6F23 /* Embed Watch Content */ = {
			isa = PBXCopyFilesBuildPhase;
			buildActionMask = 2147483647;
			dstPath = "$(CONTENTS_FOLDER_PATH)/Watch";
			dstSubfolderSpec = 16;
			files = (
				57ACEA4B2854F56D004D6F23 /* MetalBrot - Watch WatchKit App.app in Embed Watch Content */,
			);
			name = "Embed Watch Content";
			runOnlyForDeploymentPostprocessing = 0;
		};
/* End PBXCopyFilesBuildPhase section */

/* Begin PBXFileReference section */
		57558E58285AC36500B61D64 /* ViewController.swift */ = {isa = PBXFileReference; lastKnownFileType = sourcecode.swift; name = ViewController.swift; path = macOS/ViewController.swift; sourceTree = SOURCE_ROOT; };
		57ACE9F32854E23A004D6F23 /* MetalbrotApp.swift */ = {isa = PBXFileReference; lastKnownFileType = sourcecode.swift; path = MetalbrotApp.swift; sourceTree = "<group>"; };
		57ACE9F42854E23A004D6F23 /* ContentView.swift */ = {isa = PBXFileReference; lastKnownFileType = sourcecode.swift; path = ContentView.swift; sourceTree = "<group>"; };
		57ACE9F52854E23E004D6F23 /* Assets.xcassets */ = {isa = PBXFileReference; lastKnownFileType = folder.assetcatalog; path = Assets.xcassets; sourceTree = "<group>"; };
		57ACE9FA2854E23E004D6F23 /* Metalbrot.app */ = {isa = PBXFileReference; explicitFileType = wrapper.application; includeInIndex = 0; path = Metalbrot.app; sourceTree = BUILT_PRODUCTS_DIR; };
		57ACEA002854E23E004D6F23 /* Metalbrot.app */ = {isa = PBXFileReference; explicitFileType = wrapper.application; includeInIndex = 0; path = Metalbrot.app; sourceTree = BUILT_PRODUCTS_DIR; };
		57ACEA022854E23E004D6F23 /* macOS.entitlements */ = {isa = PBXFileReference; lastKnownFileType = text.plist.entitlements; path = macOS.entitlements; sourceTree = "<group>"; };
		57ACEA072854E23E004D6F23 /* Tests iOS.xctest */ = {isa = PBXFileReference; explicitFileType = wrapper.cfbundle; includeInIndex = 0; path = "Tests iOS.xctest"; sourceTree = BUILT_PRODUCTS_DIR; };
		57ACEA0B2854E23E004D6F23 /* Tests_iOS.swift */ = {isa = PBXFileReference; lastKnownFileType = sourcecode.swift; path = Tests_iOS.swift; sourceTree = "<group>"; };
		57ACEA0D2854E23E004D6F23 /* Tests_iOSLaunchTests.swift */ = {isa = PBXFileReference; lastKnownFileType = sourcecode.swift; path = Tests_iOSLaunchTests.swift; sourceTree = "<group>"; };
		57ACEA132854E23E004D6F23 /* Tests macOS.xctest */ = {isa = PBXFileReference; explicitFileType = wrapper.cfbundle; includeInIndex = 0; path = "Tests macOS.xctest"; sourceTree = BUILT_PRODUCTS_DIR; };
		57ACEA172854E23E004D6F23 /* Tests_macOS.swift */ = {isa = PBXFileReference; lastKnownFileType = sourcecode.swift; path = Tests_macOS.swift; sourceTree = "<group>"; };
		57ACEA192854E23E004D6F23 /* Tests_macOSLaunchTests.swift */ = {isa = PBXFileReference; lastKnownFileType = sourcecode.swift; path = Tests_macOSLaunchTests.swift; sourceTree = "<group>"; };
		57ACEA322854E2B1004D6F23 /* MetalBrotView.swift */ = {isa = PBXFileReference; lastKnownFileType = sourcecode.swift; path = MetalBrotView.swift; sourceTree = "<group>"; };
		57ACEA352854E7A0004D6F23 /* Brot.metal */ = {isa = PBXFileReference; lastKnownFileType = sourcecode.metal; path = Brot.metal; sourceTree = "<group>"; };
		57ACEA382854E7EC004D6F23 /* BasicShader.metal */ = {isa = PBXFileReference; lastKnownFileType = sourcecode.metal; path = BasicShader.metal; sourceTree = "<group>"; };
		57ACEA3B2854E823004D6F23 /* Renderer.swift */ = {isa = PBXFileReference; lastKnownFileType = sourcecode.swift; path = Renderer.swift; sourceTree = "<group>"; };
		57ACEA3E2854E87E004D6F23 /* Helpers.swift */ = {isa = PBXFileReference; lastKnownFileType = sourcecode.swift; path = Helpers.swift; sourceTree = "<group>"; };
		57ACEA412854EB89004D6F23 /* Metalbrot (iOS).entitlements */ = {isa = PBXFileReference; lastKnownFileType = text.plist.entitlements; path = "Metalbrot (iOS).entitlements"; sourceTree = "<group>"; };
		57ACEA442854F481004D6F23 /* MetalHeaders.h */ = {isa = PBXFileReference; lastKnownFileType = sourcecode.c.h; path = MetalHeaders.h; sourceTree = "<group>"; };
		57ACEA472854F56D004D6F23 /* MetalBrot - Watch.app */ = {isa = PBXFileReference; explicitFileType = wrapper.application; includeInIndex = 0; path = "MetalBrot - Watch.app"; sourceTree = BUILT_PRODUCTS_DIR; };
		57ACEA4A2854F56D004D6F23 /* MetalBrot - Watch WatchKit App.app */ = {isa = PBXFileReference; explicitFileType = wrapper.application; includeInIndex = 0; path = "MetalBrot - Watch WatchKit App.app"; sourceTree = BUILT_PRODUCTS_DIR; };
		57ACEA502854F56D004D6F23 /* Base */ = {isa = PBXFileReference; lastKnownFileType = file.storyboard; name = Base; path = Base.lproj/Interface.storyboard; sourceTree = "<group>"; };
		57ACEA522854F56F004D6F23 /* Assets.xcassets */ = {isa = PBXFileReference; lastKnownFileType = folder.assetcatalog; path = Assets.xcassets; sourceTree = "<group>"; };
		57ACEA582854F56F004D6F23 /* MetalBrot - Watch WatchKit Extension.appex */ = {isa = PBXFileReference; explicitFileType = "wrapper.app-extension"; includeInIndex = 0; path = "MetalBrot - Watch WatchKit Extension.appex"; sourceTree = BUILT_PRODUCTS_DIR; };
		57ACEA5D2854F56F004D6F23 /* InterfaceController.swift */ = {isa = PBXFileReference; lastKnownFileType = sourcecode.swift; path = InterfaceController.swift; sourceTree = "<group>"; };
		57ACEA5F2854F56F004D6F23 /* ExtensionDelegate.swift */ = {isa = PBXFileReference; lastKnownFileType = sourcecode.swift; path = ExtensionDelegate.swift; sourceTree = "<group>"; };
		57ACEA612854F56F004D6F23 /* ComplicationController.swift */ = {isa = PBXFileReference; lastKnownFileType = sourcecode.swift; path = ComplicationController.swift; sourceTree = "<group>"; };
		57ACEA632854F570004D6F23 /* Assets.xcassets */ = {isa = PBXFileReference; lastKnownFileType = folder.assetcatalog; path = Assets.xcassets; sourceTree = "<group>"; };
		57ACEA652854F570004D6F23 /* Info.plist */ = {isa = PBXFileReference; lastKnownFileType = text.plist.xml; path = Info.plist; sourceTree = "<group>"; };
/* End PBXFileReference section */

/* Begin PBXFrameworksBuildPhase section */
		57ACE9F72854E23E004D6F23 /* Frameworks */ = {
			isa = PBXFrameworksBuildPhase;
			buildActionMask = 2147483647;
			files = (
			);
			runOnlyForDeploymentPostprocessing = 0;
		};
		57ACE9FD2854E23E004D6F23 /* Frameworks */ = {
			isa = PBXFrameworksBuildPhase;
			buildActionMask = 2147483647;
			files = (
			);
			runOnlyForDeploymentPostprocessing = 0;
		};
		57ACEA042854E23E004D6F23 /* Frameworks */ = {
			isa = PBXFrameworksBuildPhase;
			buildActionMask = 2147483647;
			files = (
			);
			runOnlyForDeploymentPostprocessing = 0;
		};
		57ACEA102854E23E004D6F23 /* Frameworks */ = {
			isa = PBXFrameworksBuildPhase;
			buildActionMask = 2147483647;
			files = (
			);
			runOnlyForDeploymentPostprocessing = 0;
		};
		57ACEA552854F56F004D6F23 /* Frameworks */ = {
			isa = PBXFrameworksBuildPhase;
			buildActionMask = 2147483647;
			files = (
			);
			runOnlyForDeploymentPostprocessing = 0;
		};
/* End PBXFrameworksBuildPhase section */

/* Begin PBXGroup section */
		57558E57285AC30B00B61D64 /* iOS */ = {
			isa = PBXGroup;
			children = (
				57ACEA322854E2B1004D6F23 /* MetalBrotView.swift */,
			);
			path = iOS;
			sourceTree = "<group>";
		};
		57ACE9ED2854E23A004D6F23 = {
			isa = PBXGroup;
			children = (
				57ACEA412854EB89004D6F23 /* Metalbrot (iOS).entitlements */,
				57ACE9F22854E23A004D6F23 /* Shared */,
				57558E57285AC30B00B61D64 /* iOS */,
				57ACEA012854E23E004D6F23 /* macOS */,
				57ACEA0A2854E23E004D6F23 /* Tests iOS */,
				57ACEA162854E23E004D6F23 /* Tests macOS */,
				57ACEA4E2854F56D004D6F23 /* MetalBrot - Watch WatchKit App */,
				57ACEA5C2854F56F004D6F23 /* MetalBrot - Watch WatchKit Extension */,
				57ACE9FB2854E23E004D6F23 /* Products */,
			);
			sourceTree = "<group>";
		};
		57ACE9F22854E23A004D6F23 /* Shared */ = {
			isa = PBXGroup;
			children = (
				57ACE9F32854E23A004D6F23 /* MetalbrotApp.swift */,
				57ACE9F42854E23A004D6F23 /* ContentView.swift */,
				57ACEA3B2854E823004D6F23 /* Renderer.swift */,
				57ACEA3E2854E87E004D6F23 /* Helpers.swift */,
				57ACEA382854E7EC004D6F23 /* BasicShader.metal */,
				57ACEA352854E7A0004D6F23 /* Brot.metal */,
				57ACEA442854F481004D6F23 /* MetalHeaders.h */,
				57ACE9F52854E23E004D6F23 /* Assets.xcassets */,
			);
			path = Shared;
			sourceTree = "<group>";
		};
		57ACE9FB2854E23E004D6F23 /* Products */ = {
			isa = PBXGroup;
			children = (
				57ACE9FA2854E23E004D6F23 /* Metalbrot.app */,
				57ACEA002854E23E004D6F23 /* Metalbrot.app */,
				57ACEA072854E23E004D6F23 /* Tests iOS.xctest */,
				57ACEA132854E23E004D6F23 /* Tests macOS.xctest */,
				57ACEA472854F56D004D6F23 /* MetalBrot - Watch.app */,
				57ACEA4A2854F56D004D6F23 /* MetalBrot - Watch WatchKit App.app */,
				57ACEA582854F56F004D6F23 /* MetalBrot - Watch WatchKit Extension.appex */,
			);
			name = Products;
			sourceTree = "<group>";
		};
		57ACEA012854E23E004D6F23 /* macOS */ = {
			isa = PBXGroup;
			children = (
				57558E58285AC36500B61D64 /* ViewController.swift */,
				57ACEA022854E23E004D6F23 /* macOS.entitlements */,
			);
			path = macOS;
			sourceTree = "<group>";
		};
		57ACEA0A2854E23E004D6F23 /* Tests iOS */ = {
			isa = PBXGroup;
			children = (
				57ACEA0B2854E23E004D6F23 /* Tests_iOS.swift */,
				57ACEA0D2854E23E004D6F23 /* Tests_iOSLaunchTests.swift */,
			);
			path = "Tests iOS";
			sourceTree = "<group>";
		};
		57ACEA162854E23E004D6F23 /* Tests macOS */ = {
			isa = PBXGroup;
			children = (
				57ACEA172854E23E004D6F23 /* Tests_macOS.swift */,
				57ACEA192854E23E004D6F23 /* Tests_macOSLaunchTests.swift */,
			);
			path = "Tests macOS";
			sourceTree = "<group>";
		};
		57ACEA4E2854F56D004D6F23 /* MetalBrot - Watch WatchKit App */ = {
			isa = PBXGroup;
			children = (
				57ACEA4F2854F56D004D6F23 /* Interface.storyboard */,
				57ACEA522854F56F004D6F23 /* Assets.xcassets */,
			);
			path = "MetalBrot - Watch WatchKit App";
			sourceTree = "<group>";
		};
		57ACEA5C2854F56F004D6F23 /* MetalBrot - Watch WatchKit Extension */ = {
			isa = PBXGroup;
			children = (
				57ACEA5D2854F56F004D6F23 /* InterfaceController.swift */,
				57ACEA5F2854F56F004D6F23 /* ExtensionDelegate.swift */,
				57ACEA612854F56F004D6F23 /* ComplicationController.swift */,
				57ACEA632854F570004D6F23 /* Assets.xcassets */,
				57ACEA652854F570004D6F23 /* Info.plist */,
			);
			path = "MetalBrot - Watch WatchKit Extension";
			sourceTree = "<group>";
		};
/* End PBXGroup section */

/* Begin PBXNativeTarget section */
		57ACE9F92854E23E004D6F23 /* Metalbrot (iOS) */ = {
			isa = PBXNativeTarget;
			buildConfigurationList = 57ACEA232854E23E004D6F23 /* Build configuration list for PBXNativeTarget "Metalbrot (iOS)" */;
			buildPhases = (
				57ACE9F62854E23E004D6F23 /* Sources */,
				57ACE9F72854E23E004D6F23 /* Frameworks */,
				57ACE9F82854E23E004D6F23 /* Resources */,
			);
			buildRules = (
			);
			dependencies = (
			);
			name = "Metalbrot (iOS)";
			productName = "Metalbrot (iOS)";
			productReference = 57ACE9FA2854E23E004D6F23 /* Metalbrot.app */;
			productType = "com.apple.product-type.application";
		};
		57ACE9FF2854E23E004D6F23 /* Metalbrot (macOS) */ = {
			isa = PBXNativeTarget;
			buildConfigurationList = 57ACEA262854E23E004D6F23 /* Build configuration list for PBXNativeTarget "Metalbrot (macOS)" */;
			buildPhases = (
				57ACE9FC2854E23E004D6F23 /* Sources */,
				57ACE9FD2854E23E004D6F23 /* Frameworks */,
				57ACE9FE2854E23E004D6F23 /* Resources */,
			);
			buildRules = (
			);
			dependencies = (
			);
			name = "Metalbrot (macOS)";
			productName = "Metalbrot (macOS)";
			productReference = 57ACEA002854E23E004D6F23 /* Metalbrot.app */;
			productType = "com.apple.product-type.application";
		};
		57ACEA062854E23E004D6F23 /* Tests iOS */ = {
			isa = PBXNativeTarget;
			buildConfigurationList = 57ACEA292854E23E004D6F23 /* Build configuration list for PBXNativeTarget "Tests iOS" */;
			buildPhases = (
				57ACEA032854E23E004D6F23 /* Sources */,
				57ACEA042854E23E004D6F23 /* Frameworks */,
				57ACEA052854E23E004D6F23 /* Resources */,
			);
			buildRules = (
			);
			dependencies = (
				57ACEA092854E23E004D6F23 /* PBXTargetDependency */,
			);
			name = "Tests iOS";
			productName = "Tests iOS";
			productReference = 57ACEA072854E23E004D6F23 /* Tests iOS.xctest */;
			productType = "com.apple.product-type.bundle.ui-testing";
		};
		57ACEA122854E23E004D6F23 /* Tests macOS */ = {
			isa = PBXNativeTarget;
			buildConfigurationList = 57ACEA2C2854E23E004D6F23 /* Build configuration list for PBXNativeTarget "Tests macOS" */;
			buildPhases = (
				57ACEA0F2854E23E004D6F23 /* Sources */,
				57ACEA102854E23E004D6F23 /* Frameworks */,
				57ACEA112854E23E004D6F23 /* Resources */,
			);
			buildRules = (
			);
			dependencies = (
				57ACEA152854E23E004D6F23 /* PBXTargetDependency */,
			);
			name = "Tests macOS";
			productName = "Tests macOS";
			productReference = 57ACEA132854E23E004D6F23 /* Tests macOS.xctest */;
			productType = "com.apple.product-type.bundle.ui-testing";
		};
		57ACEA462854F56D004D6F23 /* MetalBrot - Watch */ = {
			isa = PBXNativeTarget;
			buildConfigurationList = 57ACEA6E2854F570004D6F23 /* Build configuration list for PBXNativeTarget "MetalBrot - Watch" */;
			buildPhases = (
				57ACEA452854F56D004D6F23 /* Resources */,
				57ACEA6D2854F570004D6F23 /* Embed Watch Content */,
			);
			buildRules = (
			);
			dependencies = (
				57ACEA4D2854F56D004D6F23 /* PBXTargetDependency */,
			);
			name = "MetalBrot - Watch";
			productName = "MetalBrot - Watch";
			productReference = 57ACEA472854F56D004D6F23 /* MetalBrot - Watch.app */;
			productType = "com.apple.product-type.application.watchapp2-container";
		};
		57ACEA492854F56D004D6F23 /* MetalBrot - Watch WatchKit App */ = {
			isa = PBXNativeTarget;
			buildConfigurationList = 57ACEA6A2854F570004D6F23 /* Build configuration list for PBXNativeTarget "MetalBrot - Watch WatchKit App" */;
			buildPhases = (
				57ACEA482854F56D004D6F23 /* Resources */,
				57ACEA692854F570004D6F23 /* Embed App Extensions */,
			);
			buildRules = (
			);
			dependencies = (
				57ACEA5B2854F56F004D6F23 /* PBXTargetDependency */,
			);
			name = "MetalBrot - Watch WatchKit App";
			productName = "MetalBrot - Watch WatchKit App";
			productReference = 57ACEA4A2854F56D004D6F23 /* MetalBrot - Watch WatchKit App.app */;
			productType = "com.apple.product-type.application.watchapp2";
		};
		57ACEA572854F56F004D6F23 /* MetalBrot - Watch WatchKit Extension */ = {
			isa = PBXNativeTarget;
			buildConfigurationList = 57ACEA662854F570004D6F23 /* Build configuration list for PBXNativeTarget "MetalBrot - Watch WatchKit Extension" */;
			buildPhases = (
				57ACEA542854F56F004D6F23 /* Sources */,
				57ACEA552854F56F004D6F23 /* Frameworks */,
				57ACEA562854F56F004D6F23 /* Resources */,
			);
			buildRules = (
			);
			dependencies = (
			);
			name = "MetalBrot - Watch WatchKit Extension";
			productName = "MetalBrot - Watch WatchKit Extension";
			productReference = 57ACEA582854F56F004D6F23 /* MetalBrot - Watch WatchKit Extension.appex */;
			productType = "com.apple.product-type.watchkit2-extension";
		};
/* End PBXNativeTarget section */

/* Begin PBXProject section */
		57ACE9EE2854E23A004D6F23 /* Project object */ = {
			isa = PBXProject;
			attributes = {
				BuildIndependentTargetsInParallel = 1;
				LastSwiftUpdateCheck = 1340;
				LastUpgradeCheck = 1340;
				TargetAttributes = {
					57ACE9F92854E23E004D6F23 = {
						CreatedOnToolsVersion = 13.4.1;
					};
					57ACE9FF2854E23E004D6F23 = {
						CreatedOnToolsVersion = 13.4.1;
					};
					57ACEA062854E23E004D6F23 = {
						CreatedOnToolsVersion = 13.4.1;
						TestTargetID = 57ACE9F92854E23E004D6F23;
					};
					57ACEA122854E23E004D6F23 = {
						CreatedOnToolsVersion = 13.4.1;
						TestTargetID = 57ACE9FF2854E23E004D6F23;
					};
					57ACEA462854F56D004D6F23 = {
						CreatedOnToolsVersion = 13.4.1;
					};
					57ACEA492854F56D004D6F23 = {
						CreatedOnToolsVersion = 13.4.1;
					};
					57ACEA572854F56F004D6F23 = {
						CreatedOnToolsVersion = 13.4.1;
					};
				};
			};
			buildConfigurationList = 57ACE9F12854E23A004D6F23 /* Build configuration list for PBXProject "Metalbrot" */;
			compatibilityVersion = "Xcode 13.0";
			developmentRegion = en;
			hasScannedForEncodings = 0;
			knownRegions = (
				en,
				Base,
			);
			mainGroup = 57ACE9ED2854E23A004D6F23;
			productRefGroup = 57ACE9FB2854E23E004D6F23 /* Products */;
			projectDirPath = "";
			projectRoot = "";
			targets = (
				57ACE9F92854E23E004D6F23 /* Metalbrot (iOS) */,
				57ACE9FF2854E23E004D6F23 /* Metalbrot (macOS) */,
				57ACEA062854E23E004D6F23 /* Tests iOS */,
				57ACEA122854E23E004D6F23 /* Tests macOS */,
				57ACEA462854F56D004D6F23 /* MetalBrot - Watch */,
				57ACEA492854F56D004D6F23 /* MetalBrot - Watch WatchKit App */,
				57ACEA572854F56F004D6F23 /* MetalBrot - Watch WatchKit Extension */,
			);
		};
/* End PBXProject section */

/* Begin PBXResourcesBuildPhase section */
		57ACE9F82854E23E004D6F23 /* Resources */ = {
			isa = PBXResourcesBuildPhase;
			buildActionMask = 2147483647;
			files = (
				57ACEA1F2854E23E004D6F23 /* Assets.xcassets in Resources */,
			);
			runOnlyForDeploymentPostprocessing = 0;
		};
		57ACE9FE2854E23E004D6F23 /* Resources */ = {
			isa = PBXResourcesBuildPhase;
			buildActionMask = 2147483647;
			files = (
				57ACEA202854E23E004D6F23 /* Assets.xcassets in Resources */,
			);
			runOnlyForDeploymentPostprocessing = 0;
		};
		57ACEA052854E23E004D6F23 /* Resources */ = {
			isa = PBXResourcesBuildPhase;
			buildActionMask = 2147483647;
			files = (
			);
			runOnlyForDeploymentPostprocessing = 0;
		};
		57ACEA112854E23E004D6F23 /* Resources */ = {
			isa = PBXResourcesBuildPhase;
			buildActionMask = 2147483647;
			files = (
			);
			runOnlyForDeploymentPostprocessing = 0;
		};
		57ACEA452854F56D004D6F23 /* Resources */ = {
			isa = PBXResourcesBuildPhase;
			buildActionMask = 2147483647;
			files = (
			);
			runOnlyForDeploymentPostprocessing = 0;
		};
		57ACEA482854F56D004D6F23 /* Resources */ = {
			isa = PBXResourcesBuildPhase;
			buildActionMask = 2147483647;
			files = (
				57ACEA532854F56F004D6F23 /* Assets.xcassets in Resources */,
				57ACEA512854F56D004D6F23 /* Interface.storyboard in Resources */,
			);
			runOnlyForDeploymentPostprocessing = 0;
		};
		57ACEA562854F56F004D6F23 /* Resources */ = {
			isa = PBXResourcesBuildPhase;
			buildActionMask = 2147483647;
			files = (
				57ACEA642854F570004D6F23 /* Assets.xcassets in Resources */,
			);
			runOnlyForDeploymentPostprocessing = 0;
		};
/* End PBXResourcesBuildPhase section */

/* Begin PBXSourcesBuildPhase section */
		57ACE9F62854E23E004D6F23 /* Sources */ = {
			isa = PBXSourcesBuildPhase;
			buildActionMask = 2147483647;
			files = (
				57ACEA1D2854E23E004D6F23 /* ContentView.swift in Sources */,
				57ACEA3F2854E87E004D6F23 /* Helpers.swift in Sources */,
				57ACEA1B2854E23E004D6F23 /* MetalbrotApp.swift in Sources */,
				57ACEA422854F43C004D6F23 /* Brot.metal in Sources */,
				57ACEA3C2854E823004D6F23 /* Renderer.swift in Sources */,
				57ACEA332854E2B1004D6F23 /* MetalBrotView.swift in Sources */,
			);
			runOnlyForDeploymentPostprocessing = 0;
		};
		57ACE9FC2854E23E004D6F23 /* Sources */ = {
			isa = PBXSourcesBuildPhase;
			buildActionMask = 2147483647;
			files = (
				57558E59285AC36500B61D64 /* ViewController.swift in Sources */,
				57ACEA1E2854E23E004D6F23 /* ContentView.swift in Sources */,
				57ACEA402854E87E004D6F23 /* Helpers.swift in Sources */,
				57ACEA1C2854E23E004D6F23 /* MetalbrotApp.swift in Sources */,
				57ACEA432854F43D004D6F23 /* Brot.metal in Sources */,
				57ACEA3D2854E823004D6F23 /* Renderer.swift in Sources */,
			);
			runOnlyForDeploymentPostprocessing = 0;
		};
		57ACEA032854E23E004D6F23 /* Sources */ = {
			isa = PBXSourcesBuildPhase;
			buildActionMask = 2147483647;
			files = (
				57ACEA0E2854E23E004D6F23 /* Tests_iOSLaunchTests.swift in Sources */,
				57ACEA0C2854E23E004D6F23 /* Tests_iOS.swift in Sources */,
			);
			runOnlyForDeploymentPostprocessing = 0;
		};
		57ACEA0F2854E23E004D6F23 /* Sources */ = {
			isa = PBXSourcesBuildPhase;
			buildActionMask = 2147483647;
			files = (
				57ACEA1A2854E23E004D6F23 /* Tests_macOSLaunchTests.swift in Sources */,
				57ACEA182854E23E004D6F23 /* Tests_macOS.swift in Sources */,
			);
			runOnlyForDeploymentPostprocessing = 0;
		};
		57ACEA542854F56F004D6F23 /* Sources */ = {
			isa = PBXSourcesBuildPhase;
			buildActionMask = 2147483647;
			files = (
				57ACEA602854F56F004D6F23 /* ExtensionDelegate.swift in Sources */,
				57ACEA5E2854F56F004D6F23 /* InterfaceController.swift in Sources */,
				57ACEA622854F56F004D6F23 /* ComplicationController.swift in Sources */,
			);
			runOnlyForDeploymentPostprocessing = 0;
		};
/* End PBXSourcesBuildPhase section */

/* Begin PBXTargetDependency section */
		57ACEA092854E23E004D6F23 /* PBXTargetDependency */ = {
			isa = PBXTargetDependency;
			target = 57ACE9F92854E23E004D6F23 /* Metalbrot (iOS) */;
			targetProxy = 57ACEA082854E23E004D6F23 /* PBXContainerItemProxy */;
		};
		57ACEA152854E23E004D6F23 /* PBXTargetDependency */ = {
			isa = PBXTargetDependency;
			target = 57ACE9FF2854E23E004D6F23 /* Metalbrot (macOS) */;
			targetProxy = 57ACEA142854E23E004D6F23 /* PBXContainerItemProxy */;
		};
		57ACEA4D2854F56D004D6F23 /* PBXTargetDependency */ = {
			isa = PBXTargetDependency;
			target = 57ACEA492854F56D004D6F23 /* MetalBrot - Watch WatchKit App */;
			targetProxy = 57ACEA4C2854F56D004D6F23 /* PBXContainerItemProxy */;
		};
		57ACEA5B2854F56F004D6F23 /* PBXTargetDependency */ = {
			isa = PBXTargetDependency;
			target = 57ACEA572854F56F004D6F23 /* MetalBrot - Watch WatchKit Extension */;
			targetProxy = 57ACEA5A2854F56F004D6F23 /* PBXContainerItemProxy */;
		};
/* End PBXTargetDependency section */

/* Begin PBXVariantGroup section */
		57ACEA4F2854F56D004D6F23 /* Interface.storyboard */ = {
			isa = PBXVariantGroup;
			children = (
				57ACEA502854F56D004D6F23 /* Base */,
			);
			name = Interface.storyboard;
			sourceTree = "<group>";
		};
/* End PBXVariantGroup section */

/* Begin XCBuildConfiguration section */
		57ACEA212854E23E004D6F23 /* Debug */ = {
			isa = XCBuildConfiguration;
			buildSettings = {
				ALWAYS_SEARCH_USER_PATHS = NO;
				CLANG_ANALYZER_NONNULL = YES;
				CLANG_ANALYZER_NUMBER_OBJECT_CONVERSION = YES_AGGRESSIVE;
				CLANG_CXX_LANGUAGE_STANDARD = "gnu++17";
				CLANG_ENABLE_MODULES = YES;
				CLANG_ENABLE_OBJC_ARC = YES;
				CLANG_ENABLE_OBJC_WEAK = YES;
				CLANG_WARN_BLOCK_CAPTURE_AUTORELEASING = YES;
				CLANG_WARN_BOOL_CONVERSION = YES;
				CLANG_WARN_COMMA = YES;
				CLANG_WARN_CONSTANT_CONVERSION = YES;
				CLANG_WARN_DEPRECATED_OBJC_IMPLEMENTATIONS = YES;
				CLANG_WARN_DIRECT_OBJC_ISA_USAGE = YES_ERROR;
				CLANG_WARN_DOCUMENTATION_COMMENTS = YES;
				CLANG_WARN_EMPTY_BODY = YES;
				CLANG_WARN_ENUM_CONVERSION = YES;
				CLANG_WARN_INFINITE_RECURSION = YES;
				CLANG_WARN_INT_CONVERSION = YES;
				CLANG_WARN_NON_LITERAL_NULL_CONVERSION = YES;
				CLANG_WARN_OBJC_IMPLICIT_RETAIN_SELF = YES;
				CLANG_WARN_OBJC_LITERAL_CONVERSION = YES;
				CLANG_WARN_OBJC_ROOT_CLASS = YES_ERROR;
				CLANG_WARN_QUOTED_INCLUDE_IN_FRAMEWORK_HEADER = YES;
				CLANG_WARN_RANGE_LOOP_ANALYSIS = YES;
				CLANG_WARN_STRICT_PROTOTYPES = YES;
				CLANG_WARN_SUSPICIOUS_MOVE = YES;
				CLANG_WARN_UNGUARDED_AVAILABILITY = YES_AGGRESSIVE;
				CLANG_WARN_UNREACHABLE_CODE = YES;
				CLANG_WARN__DUPLICATE_METHOD_MATCH = YES;
				COPY_PHASE_STRIP = NO;
				DEBUG_INFORMATION_FORMAT = dwarf;
				ENABLE_STRICT_OBJC_MSGSEND = YES;
				ENABLE_TESTABILITY = YES;
				GCC_C_LANGUAGE_STANDARD = gnu11;
				GCC_DYNAMIC_NO_PIC = NO;
				GCC_NO_COMMON_BLOCKS = YES;
				GCC_OPTIMIZATION_LEVEL = 0;
				GCC_PREPROCESSOR_DEFINITIONS = (
					"DEBUG=1",
					"$(inherited)",
				);
				GCC_WARN_64_TO_32_BIT_CONVERSION = YES;
				GCC_WARN_ABOUT_RETURN_TYPE = YES_ERROR;
				GCC_WARN_UNDECLARED_SELECTOR = YES;
				GCC_WARN_UNINITIALIZED_AUTOS = YES_AGGRESSIVE;
				GCC_WARN_UNUSED_FUNCTION = YES;
				GCC_WARN_UNUSED_VARIABLE = YES;
				IPHONEOS_DEPLOYMENT_TARGET = 15.5;
				MACOSX_DEPLOYMENT_TARGET = 12.3;
				MTL_ENABLE_DEBUG_INFO = INCLUDE_SOURCE;
				MTL_FAST_MATH = YES;
				ONLY_ACTIVE_ARCH = YES;
				SWIFT_ACTIVE_COMPILATION_CONDITIONS = DEBUG;
				SWIFT_OPTIMIZATION_LEVEL = "-Onone";
				WATCHOS_DEPLOYMENT_TARGET = 8.5;
			};
			name = Debug;
		};
		57ACEA222854E23E004D6F23 /* Release */ = {
			isa = XCBuildConfiguration;
			buildSettings = {
				ALWAYS_SEARCH_USER_PATHS = NO;
				CLANG_ANALYZER_NONNULL = YES;
				CLANG_ANALYZER_NUMBER_OBJECT_CONVERSION = YES_AGGRESSIVE;
				CLANG_CXX_LANGUAGE_STANDARD = "gnu++17";
				CLANG_ENABLE_MODULES = YES;
				CLANG_ENABLE_OBJC_ARC = YES;
				CLANG_ENABLE_OBJC_WEAK = YES;
				CLANG_WARN_BLOCK_CAPTURE_AUTORELEASING = YES;
				CLANG_WARN_BOOL_CONVERSION = YES;
				CLANG_WARN_COMMA = YES;
				CLANG_WARN_CONSTANT_CONVERSION = YES;
				CLANG_WARN_DEPRECATED_OBJC_IMPLEMENTATIONS = YES;
				CLANG_WARN_DIRECT_OBJC_ISA_USAGE = YES_ERROR;
				CLANG_WARN_DOCUMENTATION_COMMENTS = YES;
				CLANG_WARN_EMPTY_BODY = YES;
				CLANG_WARN_ENUM_CONVERSION = YES;
				CLANG_WARN_INFINITE_RECURSION = YES;
				CLANG_WARN_INT_CONVERSION = YES;
				CLANG_WARN_NON_LITERAL_NULL_CONVERSION = YES;
				CLANG_WARN_OBJC_IMPLICIT_RETAIN_SELF = YES;
				CLANG_WARN_OBJC_LITERAL_CONVERSION = YES;
				CLANG_WARN_OBJC_ROOT_CLASS = YES_ERROR;
				CLANG_WARN_QUOTED_INCLUDE_IN_FRAMEWORK_HEADER = YES;
				CLANG_WARN_RANGE_LOOP_ANALYSIS = YES;
				CLANG_WARN_STRICT_PROTOTYPES = YES;
				CLANG_WARN_SUSPICIOUS_MOVE = YES;
				CLANG_WARN_UNGUARDED_AVAILABILITY = YES_AGGRESSIVE;
				CLANG_WARN_UNREACHABLE_CODE = YES;
				CLANG_WARN__DUPLICATE_METHOD_MATCH = YES;
				COPY_PHASE_STRIP = NO;
				DEBUG_INFORMATION_FORMAT = "dwarf-with-dsym";
				ENABLE_NS_ASSERTIONS = NO;
				ENABLE_STRICT_OBJC_MSGSEND = YES;
				GCC_C_LANGUAGE_STANDARD = gnu11;
				GCC_NO_COMMON_BLOCKS = YES;
				GCC_WARN_64_TO_32_BIT_CONVERSION = YES;
				GCC_WARN_ABOUT_RETURN_TYPE = YES_ERROR;
				GCC_WARN_UNDECLARED_SELECTOR = YES;
				GCC_WARN_UNINITIALIZED_AUTOS = YES_AGGRESSIVE;
				GCC_WARN_UNUSED_FUNCTION = YES;
				GCC_WARN_UNUSED_VARIABLE = YES;
				IPHONEOS_DEPLOYMENT_TARGET = 15.5;
				MACOSX_DEPLOYMENT_TARGET = 12.3;
				MTL_ENABLE_DEBUG_INFO = NO;
				MTL_FAST_MATH = YES;
				SWIFT_COMPILATION_MODE = wholemodule;
				SWIFT_OPTIMIZATION_LEVEL = "-O";
				WATCHOS_DEPLOYMENT_TARGET = 8.5;
			};
			name = Release;
		};
		57ACEA242854E23E004D6F23 /* Debug */ = {
			isa = XCBuildConfiguration;
			buildSettings = {
				ASSETCATALOG_COMPILER_APPICON_NAME = AppIcon;
				ASSETCATALOG_COMPILER_GLOBAL_ACCENT_COLOR_NAME = AccentColor;
				CODE_SIGN_ENTITLEMENTS = "Metalbrot (iOS).entitlements";
				CODE_SIGN_STYLE = Automatic;
				CURRENT_PROJECT_VERSION = 1;
				DEVELOPMENT_TEAM = 3C42F7N9CQ;
				ENABLE_PREVIEWS = YES;
				GENERATE_INFOPLIST_FILE = YES;
				INFOPLIST_KEY_UIApplicationSceneManifest_Generation = YES;
				INFOPLIST_KEY_UIApplicationSupportsIndirectInputEvents = YES;
				INFOPLIST_KEY_UILaunchScreen_Generation = YES;
				INFOPLIST_KEY_UISupportedInterfaceOrientations_iPad = "UIInterfaceOrientationPortrait UIInterfaceOrientationPortraitUpsideDown UIInterfaceOrientationLandscapeLeft UIInterfaceOrientationLandscapeRight";
				INFOPLIST_KEY_UISupportedInterfaceOrientations_iPhone = "UIInterfaceOrientationPortrait UIInterfaceOrientationLandscapeLeft UIInterfaceOrientationLandscapeRight";
				IPHONEOS_DEPLOYMENT_TARGET = 15.5;
				LD_RUNPATH_SEARCH_PATHS = (
					"$(inherited)",
					"@executable_path/Frameworks",
				);
				MARKETING_VERSION = 1.0;
				PRODUCT_BUNDLE_IDENTIFIER = org.jossy.Metalbrot;
				PRODUCT_NAME = Metalbrot;
				SDKROOT = iphoneos;
				SUPPORTS_MACCATALYST = YES;
				SWIFT_EMIT_LOC_STRINGS = YES;
				SWIFT_VERSION = 5.0;
				TARGETED_DEVICE_FAMILY = "1,2,6";
			};
			name = Debug;
		};
		57ACEA252854E23E004D6F23 /* Release */ = {
			isa = XCBuildConfiguration;
			buildSettings = {
				ASSETCATALOG_COMPILER_APPICON_NAME = AppIcon;
				ASSETCATALOG_COMPILER_GLOBAL_ACCENT_COLOR_NAME = AccentColor;
				CODE_SIGN_ENTITLEMENTS = "Metalbrot (iOS).entitlements";
				CODE_SIGN_STYLE = Automatic;
				CURRENT_PROJECT_VERSION = 1;
				DEVELOPMENT_TEAM = 3C42F7N9CQ;
				ENABLE_PREVIEWS = YES;
				GENERATE_INFOPLIST_FILE = YES;
				INFOPLIST_KEY_UIApplicationSceneManifest_Generation = YES;
				INFOPLIST_KEY_UIApplicationSupportsIndirectInputEvents = YES;
				INFOPLIST_KEY_UILaunchScreen_Generation = YES;
				INFOPLIST_KEY_UISupportedInterfaceOrientations_iPad = "UIInterfaceOrientationPortrait UIInterfaceOrientationPortraitUpsideDown UIInterfaceOrientationLandscapeLeft UIInterfaceOrientationLandscapeRight";
				INFOPLIST_KEY_UISupportedInterfaceOrientations_iPhone = "UIInterfaceOrientationPortrait UIInterfaceOrientationLandscapeLeft UIInterfaceOrientationLandscapeRight";
				IPHONEOS_DEPLOYMENT_TARGET = 15.5;
				LD_RUNPATH_SEARCH_PATHS = (
					"$(inherited)",
					"@executable_path/Frameworks",
				);
				MARKETING_VERSION = 1.0;
				PRODUCT_BUNDLE_IDENTIFIER = org.jossy.Metalbrot;
				PRODUCT_NAME = Metalbrot;
				SDKROOT = iphoneos;
				SUPPORTS_MACCATALYST = YES;
				SWIFT_EMIT_LOC_STRINGS = YES;
				SWIFT_VERSION = 5.0;
				TARGETED_DEVICE_FAMILY = "1,2,6";
				VALIDATE_PRODUCT = YES;
			};
			name = Release;
		};
		57ACEA272854E23E004D6F23 /* Debug */ = {
			isa = XCBuildConfiguration;
			buildSettings = {
				ASSETCATALOG_COMPILER_APPICON_NAME = AppIcon;
				ASSETCATALOG_COMPILER_GLOBAL_ACCENT_COLOR_NAME = AccentColor;
				CODE_SIGN_ENTITLEMENTS = macOS/macOS.entitlements;
				CODE_SIGN_STYLE = Automatic;
				COMBINE_HIDPI_IMAGES = YES;
				CURRENT_PROJECT_VERSION = 1;
				DEVELOPMENT_TEAM = 3C42F7N9CQ;
				ENABLE_HARDENED_RUNTIME = YES;
				ENABLE_PREVIEWS = YES;
				GENERATE_INFOPLIST_FILE = YES;
				INFOPLIST_KEY_NSHumanReadableCopyright = "";
				LD_RUNPATH_SEARCH_PATHS = (
					"$(inherited)",
					"@executable_path/../Frameworks",
				);
				MACOSX_DEPLOYMENT_TARGET = 12.3;
				MARKETING_VERSION = 1.0;
				PRODUCT_BUNDLE_IDENTIFIER = org.jossy.Metalbrot;
				PRODUCT_NAME = Metalbrot;
				SDKROOT = macosx;
				SWIFT_EMIT_LOC_STRINGS = YES;
				SWIFT_VERSION = 5.0;
			};
			name = Debug;
		};
		57ACEA282854E23E004D6F23 /* Release */ = {
			isa = XCBuildConfiguration;
			buildSettings = {
				ASSETCATALOG_COMPILER_APPICON_NAME = AppIcon;
				ASSETCATALOG_COMPILER_GLOBAL_ACCENT_COLOR_NAME = AccentColor;
				CODE_SIGN_ENTITLEMENTS = macOS/macOS.entitlements;
				CODE_SIGN_STYLE = Automatic;
				COMBINE_HIDPI_IMAGES = YES;
				CURRENT_PROJECT_VERSION = 1;
				DEVELOPMENT_TEAM = 3C42F7N9CQ;
				ENABLE_HARDENED_RUNTIME = YES;
				ENABLE_PREVIEWS = YES;
				GENERATE_INFOPLIST_FILE = YES;
				INFOPLIST_KEY_NSHumanReadableCopyright = "";
				LD_RUNPATH_SEARCH_PATHS = (
					"$(inherited)",
					"@executable_path/../Frameworks",
				);
				MACOSX_DEPLOYMENT_TARGET = 12.3;
				MARKETING_VERSION = 1.0;
				PRODUCT_BUNDLE_IDENTIFIER = org.jossy.Metalbrot;
				PRODUCT_NAME = Metalbrot;
				SDKROOT = macosx;
				SWIFT_EMIT_LOC_STRINGS = YES;
				SWIFT_VERSION = 5.0;
			};
			name = Release;
		};
		57ACEA2A2854E23E004D6F23 /* Debug */ = {
			isa = XCBuildConfiguration;
			buildSettings = {
				ALWAYS_EMBED_SWIFT_STANDARD_LIBRARIES = YES;
				CODE_SIGN_STYLE = Automatic;
				CURRENT_PROJECT_VERSION = 1;
				DEVELOPMENT_TEAM = 3C42F7N9CQ;
				GENERATE_INFOPLIST_FILE = YES;
				IPHONEOS_DEPLOYMENT_TARGET = 15.5;
				MARKETING_VERSION = 1.0;
				PRODUCT_BUNDLE_IDENTIFIER = "org.jossy.Tests-iOS";
				PRODUCT_NAME = "$(TARGET_NAME)";
				SDKROOT = iphoneos;
				SWIFT_EMIT_LOC_STRINGS = NO;
				SWIFT_VERSION = 5.0;
				TARGETED_DEVICE_FAMILY = "1,2";
				TEST_TARGET_NAME = "Metalbrot (iOS)";
			};
			name = Debug;
		};
		57ACEA2B2854E23E004D6F23 /* Release */ = {
			isa = XCBuildConfiguration;
			buildSettings = {
				ALWAYS_EMBED_SWIFT_STANDARD_LIBRARIES = YES;
				CODE_SIGN_STYLE = Automatic;
				CURRENT_PROJECT_VERSION = 1;
				DEVELOPMENT_TEAM = 3C42F7N9CQ;
				GENERATE_INFOPLIST_FILE = YES;
				IPHONEOS_DEPLOYMENT_TARGET = 15.5;
				MARKETING_VERSION = 1.0;
				PRODUCT_BUNDLE_IDENTIFIER = "org.jossy.Tests-iOS";
				PRODUCT_NAME = "$(TARGET_NAME)";
				SDKROOT = iphoneos;
				SWIFT_EMIT_LOC_STRINGS = NO;
				SWIFT_VERSION = 5.0;
				TARGETED_DEVICE_FAMILY = "1,2";
				TEST_TARGET_NAME = "Metalbrot (iOS)";
				VALIDATE_PRODUCT = YES;
			};
			name = Release;
		};
		57ACEA2D2854E23E004D6F23 /* Debug */ = {
			isa = XCBuildConfiguration;
			buildSettings = {
				ALWAYS_EMBED_SWIFT_STANDARD_LIBRARIES = YES;
				CODE_SIGN_STYLE = Automatic;
				CURRENT_PROJECT_VERSION = 1;
				DEVELOPMENT_TEAM = 3C42F7N9CQ;
				GENERATE_INFOPLIST_FILE = YES;
				MACOSX_DEPLOYMENT_TARGET = 12.3;
				MARKETING_VERSION = 1.0;
				PRODUCT_BUNDLE_IDENTIFIER = "org.jossy.Tests-macOS";
				PRODUCT_NAME = "$(TARGET_NAME)";
				SDKROOT = macosx;
				SWIFT_EMIT_LOC_STRINGS = NO;
				SWIFT_VERSION = 5.0;
				TEST_TARGET_NAME = "Metalbrot (macOS)";
			};
			name = Debug;
		};
		57ACEA2E2854E23E004D6F23 /* Release */ = {
			isa = XCBuildConfiguration;
			buildSettings = {
				ALWAYS_EMBED_SWIFT_STANDARD_LIBRARIES = YES;
				CODE_SIGN_STYLE = Automatic;
				CURRENT_PROJECT_VERSION = 1;
				DEVELOPMENT_TEAM = 3C42F7N9CQ;
				GENERATE_INFOPLIST_FILE = YES;
				MACOSX_DEPLOYMENT_TARGET = 12.3;
				MARKETING_VERSION = 1.0;
				PRODUCT_BUNDLE_IDENTIFIER = "org.jossy.Tests-macOS";
				PRODUCT_NAME = "$(TARGET_NAME)";
				SDKROOT = macosx;
				SWIFT_EMIT_LOC_STRINGS = NO;
				SWIFT_VERSION = 5.0;
				TEST_TARGET_NAME = "Metalbrot (macOS)";
			};
			name = Release;
		};
		57ACEA672854F570004D6F23 /* Debug */ = {
			isa = XCBuildConfiguration;
			buildSettings = {
				ASSETCATALOG_COMPILER_COMPLICATION_NAME = Complication;
				CODE_SIGN_STYLE = Automatic;
				CURRENT_PROJECT_VERSION = 1;
				DEVELOPMENT_TEAM = 3C42F7N9CQ;
				GENERATE_INFOPLIST_FILE = YES;
				INFOPLIST_FILE = "MetalBrot - Watch WatchKit Extension/Info.plist";
				INFOPLIST_KEY_CFBundleDisplayName = "MetalBrot - Watch WatchKit Extension";
				INFOPLIST_KEY_CLKComplicationPrincipalClass = "$(PRODUCT_MODULE_NAME).ComplicationController";
				INFOPLIST_KEY_NSHumanReadableCopyright = "";
				INFOPLIST_KEY_WKExtensionDelegateClassName = "$(PRODUCT_MODULE_NAME).ExtensionDelegate";
				INFOPLIST_KEY_WKWatchOnly = YES;
				LD_RUNPATH_SEARCH_PATHS = (
					"$(inherited)",
					"@executable_path/Frameworks",
					"@executable_path/../../Frameworks",
				);
				MARKETING_VERSION = 1.0;
				PRODUCT_BUNDLE_IDENTIFIER = "org.jossy.MetalBrot---Watch.watchkitapp.watchkitextension";
				PRODUCT_NAME = "${TARGET_NAME}";
				SDKROOT = watchos;
				SKIP_INSTALL = YES;
				SWIFT_EMIT_LOC_STRINGS = YES;
				SWIFT_VERSION = 5.0;
				TARGETED_DEVICE_FAMILY = 4;
				WATCHOS_DEPLOYMENT_TARGET = 8.5;
			};
			name = Debug;
		};
		57ACEA682854F570004D6F23 /* Release */ = {
			isa = XCBuildConfiguration;
			buildSettings = {
				ASSETCATALOG_COMPILER_COMPLICATION_NAME = Complication;
				CODE_SIGN_STYLE = Automatic;
				CURRENT_PROJECT_VERSION = 1;
				DEVELOPMENT_TEAM = 3C42F7N9CQ;
				GENERATE_INFOPLIST_FILE = YES;
				INFOPLIST_FILE = "MetalBrot - Watch WatchKit Extension/Info.plist";
				INFOPLIST_KEY_CFBundleDisplayName = "MetalBrot - Watch WatchKit Extension";
				INFOPLIST_KEY_CLKComplicationPrincipalClass = "$(PRODUCT_MODULE_NAME).ComplicationController";
				INFOPLIST_KEY_NSHumanReadableCopyright = "";
				INFOPLIST_KEY_WKExtensionDelegateClassName = "$(PRODUCT_MODULE_NAME).ExtensionDelegate";
				INFOPLIST_KEY_WKWatchOnly = YES;
				LD_RUNPATH_SEARCH_PATHS = (
					"$(inherited)",
					"@executable_path/Frameworks",
					"@executable_path/../../Frameworks",
				);
				MARKETING_VERSION = 1.0;
				PRODUCT_BUNDLE_IDENTIFIER = "org.jossy.MetalBrot---Watch.watchkitapp.watchkitextension";
				PRODUCT_NAME = "${TARGET_NAME}";
				SDKROOT = watchos;
				SKIP_INSTALL = YES;
				SWIFT_EMIT_LOC_STRINGS = YES;
				SWIFT_VERSION = 5.0;
				TARGETED_DEVICE_FAMILY = 4;
				VALIDATE_PRODUCT = YES;
				WATCHOS_DEPLOYMENT_TARGET = 8.5;
			};
			name = Release;
		};
		57ACEA6B2854F570004D6F23 /* Debug */ = {
			isa = XCBuildConfiguration;
			buildSettings = {
				ALWAYS_EMBED_SWIFT_STANDARD_LIBRARIES = YES;
				ASSETCATALOG_COMPILER_APPICON_NAME = AppIcon;
				ASSETCATALOG_COMPILER_GLOBAL_ACCENT_COLOR_NAME = AccentColor;
				CODE_SIGN_STYLE = Automatic;
				CURRENT_PROJECT_VERSION = 1;
				DEVELOPMENT_TEAM = 3C42F7N9CQ;
				GENERATE_INFOPLIST_FILE = YES;
				IBSC_MODULE = "MetalBrot___Watch_WatchKit_Extension";
				INFOPLIST_KEY_CFBundleDisplayName = "MetalBrot - Watch WatchKit App";
				INFOPLIST_KEY_UISupportedInterfaceOrientations = "UIInterfaceOrientationPortrait UIInterfaceOrientationPortraitUpsideDown";
				MARKETING_VERSION = 1.0;
				PRODUCT_BUNDLE_IDENTIFIER = "org.jossy.MetalBrot---Watch.watchkitapp";
				PRODUCT_NAME = "$(TARGET_NAME)";
				SDKROOT = watchos;
				SKIP_INSTALL = YES;
				SWIFT_EMIT_LOC_STRINGS = YES;
				SWIFT_VERSION = 5.0;
				TARGETED_DEVICE_FAMILY = 4;
				WATCHOS_DEPLOYMENT_TARGET = 8.5;
			};
			name = Debug;
		};
		57ACEA6C2854F570004D6F23 /* Release */ = {
			isa = XCBuildConfiguration;
			buildSettings = {
				ALWAYS_EMBED_SWIFT_STANDARD_LIBRARIES = YES;
				ASSETCATALOG_COMPILER_APPICON_NAME = AppIcon;
				ASSETCATALOG_COMPILER_GLOBAL_ACCENT_COLOR_NAME = AccentColor;
				CODE_SIGN_STYLE = Automatic;
				CURRENT_PROJECT_VERSION = 1;
				DEVELOPMENT_TEAM = 3C42F7N9CQ;
				GENERATE_INFOPLIST_FILE = YES;
				IBSC_MODULE = "MetalBrot___Watch_WatchKit_Extension";
				INFOPLIST_KEY_CFBundleDisplayName = "MetalBrot - Watch WatchKit App";
				INFOPLIST_KEY_UISupportedInterfaceOrientations = "UIInterfaceOrientationPortrait UIInterfaceOrientationPortraitUpsideDown";
				MARKETING_VERSION = 1.0;
				PRODUCT_BUNDLE_IDENTIFIER = "org.jossy.MetalBrot---Watch.watchkitapp";
				PRODUCT_NAME = "$(TARGET_NAME)";
				SDKROOT = watchos;
				SKIP_INSTALL = YES;
				SWIFT_EMIT_LOC_STRINGS = YES;
				SWIFT_VERSION = 5.0;
				TARGETED_DEVICE_FAMILY = 4;
				VALIDATE_PRODUCT = YES;
				WATCHOS_DEPLOYMENT_TARGET = 8.5;
			};
			name = Release;
		};
		57ACEA6F2854F570004D6F23 /* Debug */ = {
			isa = XCBuildConfiguration;
			buildSettings = {
				CODE_SIGN_STYLE = Automatic;
				CURRENT_PROJECT_VERSION = 1;
				DEVELOPMENT_TEAM = 3C42F7N9CQ;
				MARKETING_VERSION = 1.0;
				PRODUCT_BUNDLE_IDENTIFIER = "org.jossy.MetalBrot---Watch";
				PRODUCT_NAME = "$(TARGET_NAME)";
				SDKROOT = iphoneos;
				SWIFT_VERSION = 5.0;
			};
			name = Debug;
		};
		57ACEA702854F570004D6F23 /* Release */ = {
			isa = XCBuildConfiguration;
			buildSettings = {
				CODE_SIGN_STYLE = Automatic;
				CURRENT_PROJECT_VERSION = 1;
				DEVELOPMENT_TEAM = 3C42F7N9CQ;
				MARKETING_VERSION = 1.0;
				PRODUCT_BUNDLE_IDENTIFIER = "org.jossy.MetalBrot---Watch";
				PRODUCT_NAME = "$(TARGET_NAME)";
				SDKROOT = iphoneos;
				SWIFT_VERSION = 5.0;
				VALIDATE_PRODUCT = YES;
			};
			name = Release;
		};
/* End XCBuildConfiguration section */

/* Begin XCConfigurationList section */
		57ACE9F12854E23A004D6F23 /* Build configuration list for PBXProject "Metalbrot" */ = {
			isa = XCConfigurationList;
			buildConfigurations = (
				57ACEA212854E23E004D6F23 /* Debug */,
				57ACEA222854E23E004D6F23 /* Release */,
			);
			defaultConfigurationIsVisible = 0;
			defaultConfigurationName = Release;
		};
		57ACEA232854E23E004D6F23 /* Build configuration list for PBXNativeTarget "Metalbrot (iOS)" */ = {
			isa = XCConfigurationList;
			buildConfigurations = (
				57ACEA242854E23E004D6F23 /* Debug */,
				57ACEA252854E23E004D6F23 /* Release */,
			);
			defaultConfigurationIsVisible = 0;
			defaultConfigurationName = Release;
		};
		57ACEA262854E23E004D6F23 /* Build configuration list for PBXNativeTarget "Metalbrot (macOS)" */ = {
			isa = XCConfigurationList;
			buildConfigurations = (
				57ACEA272854E23E004D6F23 /* Debug */,
				57ACEA282854E23E004D6F23 /* Release */,
			);
			defaultConfigurationIsVisible = 0;
			defaultConfigurationName = Release;
		};
		57ACEA292854E23E004D6F23 /* Build configuration list for PBXNativeTarget "Tests iOS" */ = {
			isa = XCConfigurationList;
			buildConfigurations = (
				57ACEA2A2854E23E004D6F23 /* Debug */,
				57ACEA2B2854E23E004D6F23 /* Release */,
			);
			defaultConfigurationIsVisible = 0;
			defaultConfigurationName = Release;
		};
		57ACEA2C2854E23E004D6F23 /* Build configuration list for PBXNativeTarget "Tests macOS" */ = {
			isa = XCConfigurationList;
			buildConfigurations = (
				57ACEA2D2854E23E004D6F23 /* Debug */,
				57ACEA2E2854E23E004D6F23 /* Release */,
			);
			defaultConfigurationIsVisible = 0;
			defaultConfigurationName = Release;
		};
		57ACEA662854F570004D6F23 /* Build configuration list for PBXNativeTarget "MetalBrot - Watch WatchKit Extension" */ = {
			isa = XCConfigurationList;
			buildConfigurations = (
				57ACEA672854F570004D6F23 /* Debug */,
				57ACEA682854F570004D6F23 /* Release */,
			);
			defaultConfigurationIsVisible = 0;
			defaultConfigurationName = Release;
		};
		57ACEA6A2854F570004D6F23 /* Build configuration list for PBXNativeTarget "MetalBrot - Watch WatchKit App" */ = {
			isa = XCConfigurationList;
			buildConfigurations = (
				57ACEA6B2854F570004D6F23 /* Debug */,
				57ACEA6C2854F570004D6F23 /* Release */,
			);
			defaultConfigurationIsVisible = 0;
			defaultConfigurationName = Release;
		};
		57ACEA6E2854F570004D6F23 /* Build configuration list for PBXNativeTarget "MetalBrot - Watch" */ = {
			isa = XCConfigurationList;
			buildConfigurations = (
				57ACEA6F2854F570004D6F23 /* Debug */,
				57ACEA702854F570004D6F23 /* Release */,
			);
			defaultConfigurationIsVisible = 0;
			defaultConfigurationName = Release;
		};
/* End XCConfigurationList section */
	};
	rootObject = 57ACE9EE2854E23A004D6F23 /* Project object */;
}
