// !$*UTF8*$!
{
	archiveVersion = 1;
	classes = {
	};
	objectVersion = 55;
	objects = {

/* Begin PBXBuildFile section */
		570883F22A06D56100292AA1 /* BrotRendererModels.swift in Sources */ = {isa = PBXBuildFile; fileRef = 570883F12A06D56100292AA1 /* BrotRendererModels.swift */; };
		570883F32A06D56100292AA1 /* BrotRendererModels.swift in Sources */ = {isa = PBXBuildFile; fileRef = 570883F12A06D56100292AA1 /* BrotRendererModels.swift */; };
		570883F42A06D56100292AA1 /* BrotRendererModels.swift in Sources */ = {isa = PBXBuildFile; fileRef = 570883F12A06D56100292AA1 /* BrotRendererModels.swift */; };
		570883F62A06D5A700292AA1 /* RendererViewModel.swift in Sources */ = {isa = PBXBuildFile; fileRef = 570883F52A06D5A700292AA1 /* RendererViewModel.swift */; };
		570883F72A06D5A700292AA1 /* RendererViewModel.swift in Sources */ = {isa = PBXBuildFile; fileRef = 570883F52A06D5A700292AA1 /* RendererViewModel.swift */; };
		570883F82A06D5A700292AA1 /* RendererViewModel.swift in Sources */ = {isa = PBXBuildFile; fileRef = 570883F52A06D5A700292AA1 /* RendererViewModel.swift */; };
		570883FA2A06FC8000292AA1 /* Extensions.swift in Sources */ = {isa = PBXBuildFile; fileRef = 57A033A72A0446B000EB11B2 /* Extensions.swift */; };
		572656C52A04710A0031B46F /* BasicShader.metal in Sources */ = {isa = PBXBuildFile; fileRef = 57ACEA382854E7EC004D6F23 /* BasicShader.metal */; };
		572656C62A04710A0031B46F /* Data.swift in Sources */ = {isa = PBXBuildFile; fileRef = 57FEEC98285B534300C4B9B4 /* Data.swift */; };
		572656C82A04710A0031B46F /* Brot.metal in Sources */ = {isa = PBXBuildFile; fileRef = 57ACEA352854E7A0004D6F23 /* Brot.metal */; };
		572656C92A04710A0031B46F /* MetalbrotRenderer.swift in Sources */ = {isa = PBXBuildFile; fileRef = 57ACEA3B2854E823004D6F23 /* MetalbrotRenderer.swift */; };
		572656CA2A04710F0031B46F /* (null) in Sources */ = {isa = PBXBuildFile; };
		572656CB2A04710F0031B46F /* Assets.xcassets in Resources */ = {isa = PBXBuildFile; fileRef = 57ACE9F52854E23E004D6F23 /* Assets.xcassets */; };
		572656CD2A04710F0031B46F /* Helpers.swift in Sources */ = {isa = PBXBuildFile; fileRef = 57ACEA3E2854E87E004D6F23 /* Helpers.swift */; };
		572656CE2A04710F0031B46F /* MetalbrotApp.swift in Sources */ = {isa = PBXBuildFile; fileRef = 57ACE9F32854E23A004D6F23 /* MetalbrotApp.swift */; };
		572656CF2A04710F0031B46F /* MainView.swift in Sources */ = {isa = PBXBuildFile; fileRef = 57ACE9F42854E23A004D6F23 /* MainView.swift */; };
		572656D22A0474700031B46F /* MetalbrotBaseViewController.swift in Sources */ = {isa = PBXBuildFile; fileRef = 572656D12A0474700031B46F /* MetalbrotBaseViewController.swift */; };
		572656D32A0474700031B46F /* MetalbrotBaseViewController.swift in Sources */ = {isa = PBXBuildFile; fileRef = 572656D12A0474700031B46F /* MetalbrotBaseViewController.swift */; };
		572656D42A0476E20031B46F /* MetalbrotBaseViewController.swift in Sources */ = {isa = PBXBuildFile; fileRef = 572656D12A0474700031B46F /* MetalbrotBaseViewController.swift */; };
		57558E59285AC36500B61D64 /* MetalbrotViewController-macOS.swift in Sources */ = {isa = PBXBuildFile; fileRef = 57558E58285AC36500B61D64 /* MetalbrotViewController-macOS.swift */; };
		57A033A62A04123300EB11B2 /* SwiftUIMetalKitView.swift in Sources */ = {isa = PBXBuildFile; fileRef = 57A033A52A04123300EB11B2 /* SwiftUIMetalKitView.swift */; };
		57A033A82A0446B000EB11B2 /* Extensions.swift in Sources */ = {isa = PBXBuildFile; fileRef = 57A033A72A0446B000EB11B2 /* Extensions.swift */; };
		57A033A92A0446B000EB11B2 /* Extensions.swift in Sources */ = {isa = PBXBuildFile; fileRef = 57A033A72A0446B000EB11B2 /* Extensions.swift */; };
		57ACEA0C2854E23E004D6F23 /* Tests_iOS.swift in Sources */ = {isa = PBXBuildFile; fileRef = 57ACEA0B2854E23E004D6F23 /* Tests_iOS.swift */; };
		57ACEA0E2854E23E004D6F23 /* Tests_iOSLaunchTests.swift in Sources */ = {isa = PBXBuildFile; fileRef = 57ACEA0D2854E23E004D6F23 /* Tests_iOSLaunchTests.swift */; };
		57ACEA182854E23E004D6F23 /* Tests_macOS.swift in Sources */ = {isa = PBXBuildFile; fileRef = 57ACEA172854E23E004D6F23 /* Tests_macOS.swift */; };
		57ACEA1A2854E23E004D6F23 /* Tests_macOSLaunchTests.swift in Sources */ = {isa = PBXBuildFile; fileRef = 57ACEA192854E23E004D6F23 /* Tests_macOSLaunchTests.swift */; };
		57ACEA1B2854E23E004D6F23 /* MetalbrotApp.swift in Sources */ = {isa = PBXBuildFile; fileRef = 57ACE9F32854E23A004D6F23 /* MetalbrotApp.swift */; };
		57ACEA1C2854E23E004D6F23 /* MetalbrotApp.swift in Sources */ = {isa = PBXBuildFile; fileRef = 57ACE9F32854E23A004D6F23 /* MetalbrotApp.swift */; };
		57ACEA1D2854E23E004D6F23 /* MainView.swift in Sources */ = {isa = PBXBuildFile; fileRef = 57ACE9F42854E23A004D6F23 /* MainView.swift */; };
		57ACEA1E2854E23E004D6F23 /* MainView.swift in Sources */ = {isa = PBXBuildFile; fileRef = 57ACE9F42854E23A004D6F23 /* MainView.swift */; };
		57ACEA1F2854E23E004D6F23 /* Assets.xcassets in Resources */ = {isa = PBXBuildFile; fileRef = 57ACE9F52854E23E004D6F23 /* Assets.xcassets */; };
		57ACEA202854E23E004D6F23 /* Assets.xcassets in Resources */ = {isa = PBXBuildFile; fileRef = 57ACE9F52854E23E004D6F23 /* Assets.xcassets */; };
		57ACEA332854E2B1004D6F23 /* MetalbrotViewController.swift in Sources */ = {isa = PBXBuildFile; fileRef = 57ACEA322854E2B1004D6F23 /* MetalbrotViewController.swift */; };
		57ACEA3C2854E823004D6F23 /* MetalbrotRenderer.swift in Sources */ = {isa = PBXBuildFile; fileRef = 57ACEA3B2854E823004D6F23 /* MetalbrotRenderer.swift */; };
		57ACEA3D2854E823004D6F23 /* MetalbrotRenderer.swift in Sources */ = {isa = PBXBuildFile; fileRef = 57ACEA3B2854E823004D6F23 /* MetalbrotRenderer.swift */; };
		57ACEA3F2854E87E004D6F23 /* Helpers.swift in Sources */ = {isa = PBXBuildFile; fileRef = 57ACEA3E2854E87E004D6F23 /* Helpers.swift */; };
		57ACEA402854E87E004D6F23 /* Helpers.swift in Sources */ = {isa = PBXBuildFile; fileRef = 57ACEA3E2854E87E004D6F23 /* Helpers.swift */; };
		57ACEA422854F43C004D6F23 /* Brot.metal in Sources */ = {isa = PBXBuildFile; fileRef = 57ACEA352854E7A0004D6F23 /* Brot.metal */; };
		57ACEA432854F43D004D6F23 /* Brot.metal in Sources */ = {isa = PBXBuildFile; fileRef = 57ACEA352854E7A0004D6F23 /* Brot.metal */; };
		57B8F5992A0480E0002C104A /* ViewControllerAdapters.swift in Sources */ = {isa = PBXBuildFile; fileRef = 57B8F5982A0480E0002C104A /* ViewControllerAdapters.swift */; };
		57B8F59A2A0480E0002C104A /* ViewControllerAdapters.swift in Sources */ = {isa = PBXBuildFile; fileRef = 57B8F5982A0480E0002C104A /* ViewControllerAdapters.swift */; };
		57B8F59B2A0480E0002C104A /* ViewControllerAdapters.swift in Sources */ = {isa = PBXBuildFile; fileRef = 57B8F5982A0480E0002C104A /* ViewControllerAdapters.swift */; };
		57FEEC99285B534300C4B9B4 /* Data.swift in Sources */ = {isa = PBXBuildFile; fileRef = 57FEEC98285B534300C4B9B4 /* Data.swift */; };
		57FEEC9A285B534300C4B9B4 /* Data.swift in Sources */ = {isa = PBXBuildFile; fileRef = 57FEEC98285B534300C4B9B4 /* Data.swift */; };
/* End PBXBuildFile section */

/* Begin PBXContainerItemProxy section */
		57ACEA082854E23E004D6F23 /* PBXContainerItemProxy */ = {
			isa = PBXContainerItemProxy;
			containerPortal = 57ACE9EE2854E23A004D6F23 /* Project object */;
			proxyType = 1;
			remoteGlobalIDString = 57ACE9F92854E23E004D6F23;
			remoteInfo = "Metalbrot (iOS)";
		};
		57ACEA142854E23E004D6F23 /* PBXContainerItemProxy */ = {
			isa = PBXContainerItemProxy;
			containerPortal = 57ACE9EE2854E23A004D6F23 /* Project object */;
			proxyType = 1;
			remoteGlobalIDString = 57ACE9FF2854E23E004D6F23;
			remoteInfo = "Metalbrot (macOS)";
		};
/* End PBXContainerItemProxy section */

/* Begin PBXFileReference section */
		570883F12A06D56100292AA1 /* BrotRendererModels.swift */ = {isa = PBXFileReference; lastKnownFileType = sourcecode.swift; path = BrotRendererModels.swift; sourceTree = "<group>"; };
		570883F52A06D5A700292AA1 /* RendererViewModel.swift */ = {isa = PBXFileReference; lastKnownFileType = sourcecode.swift; path = RendererViewModel.swift; sourceTree = "<group>"; };
		570883F92A06E7AA00292AA1 /* .gitignore */ = {isa = PBXFileReference; lastKnownFileType = text; path = .gitignore; sourceTree = "<group>"; };
		572656B62A0470FD0031B46F /* Metalbrot-Multiplatform.app */ = {isa = PBXFileReference; explicitFileType = wrapper.application; includeInIndex = 0; path = "Metalbrot-Multiplatform.app"; sourceTree = BUILT_PRODUCTS_DIR; };
		572656D12A0474700031B46F /* MetalbrotBaseViewController.swift */ = {isa = PBXFileReference; lastKnownFileType = sourcecode.swift; name = MetalbrotBaseViewController.swift; path = "Metalbrot-Multiplatform/MetalbrotBaseViewController.swift"; sourceTree = SOURCE_ROOT; };
		57558E58285AC36500B61D64 /* MetalbrotViewController-macOS.swift */ = {isa = PBXFileReference; lastKnownFileType = sourcecode.swift; name = "MetalbrotViewController-macOS.swift"; path = "macOS/MetalbrotViewController-macOS.swift"; sourceTree = SOURCE_ROOT; };
		57A033A52A04123300EB11B2 /* SwiftUIMetalKitView.swift */ = {isa = PBXFileReference; lastKnownFileType = sourcecode.swift; path = SwiftUIMetalKitView.swift; sourceTree = "<group>"; };
		57A033A72A0446B000EB11B2 /* Extensions.swift */ = {isa = PBXFileReference; lastKnownFileType = sourcecode.swift; path = Extensions.swift; sourceTree = "<group>"; };
		57ACE9F32854E23A004D6F23 /* MetalbrotApp.swift */ = {isa = PBXFileReference; lastKnownFileType = sourcecode.swift; path = MetalbrotApp.swift; sourceTree = "<group>"; };
		57ACE9F42854E23A004D6F23 /* MainView.swift */ = {isa = PBXFileReference; lastKnownFileType = sourcecode.swift; path = MainView.swift; sourceTree = "<group>"; };
		57ACE9F52854E23E004D6F23 /* Assets.xcassets */ = {isa = PBXFileReference; lastKnownFileType = folder.assetcatalog; path = Assets.xcassets; sourceTree = "<group>"; };
		57ACE9FA2854E23E004D6F23 /* Metalbrot.app */ = {isa = PBXFileReference; explicitFileType = wrapper.application; includeInIndex = 0; path = Metalbrot.app; sourceTree = BUILT_PRODUCTS_DIR; };
		57ACEA002854E23E004D6F23 /* Metalbrot.app */ = {isa = PBXFileReference; explicitFileType = wrapper.application; includeInIndex = 0; path = Metalbrot.app; sourceTree = BUILT_PRODUCTS_DIR; };
		57ACEA022854E23E004D6F23 /* macOS.entitlements */ = {isa = PBXFileReference; lastKnownFileType = text.plist.entitlements; path = macOS.entitlements; sourceTree = "<group>"; };
		57ACEA072854E23E004D6F23 /* Tests iOS.xctest */ = {isa = PBXFileReference; explicitFileType = wrapper.cfbundle; includeInIndex = 0; path = "Tests iOS.xctest"; sourceTree = BUILT_PRODUCTS_DIR; };
		57ACEA0B2854E23E004D6F23 /* Tests_iOS.swift */ = {isa = PBXFileReference; lastKnownFileType = sourcecode.swift; path = Tests_iOS.swift; sourceTree = "<group>"; };
		57ACEA0D2854E23E004D6F23 /* Tests_iOSLaunchTests.swift */ = {isa = PBXFileReference; lastKnownFileType = sourcecode.swift; path = Tests_iOSLaunchTests.swift; sourceTree = "<group>"; };
		57ACEA132854E23E004D6F23 /* Tests macOS.xctest */ = {isa = PBXFileReference; explicitFileType = wrapper.cfbundle; includeInIndex = 0; path = "Tests macOS.xctest"; sourceTree = BUILT_PRODUCTS_DIR; };
		57ACEA172854E23E004D6F23 /* Tests_macOS.swift */ = {isa = PBXFileReference; lastKnownFileType = sourcecode.swift; path = Tests_macOS.swift; sourceTree = "<group>"; };
		57ACEA192854E23E004D6F23 /* Tests_macOSLaunchTests.swift */ = {isa = PBXFileReference; lastKnownFileType = sourcecode.swift; path = Tests_macOSLaunchTests.swift; sourceTree = "<group>"; };
		57ACEA322854E2B1004D6F23 /* MetalbrotViewController.swift */ = {isa = PBXFileReference; lastKnownFileType = sourcecode.swift; path = MetalbrotViewController.swift; sourceTree = "<group>"; };
		57ACEA352854E7A0004D6F23 /* Brot.metal */ = {isa = PBXFileReference; lastKnownFileType = sourcecode.metal; path = Brot.metal; sourceTree = "<group>"; };
		57ACEA382854E7EC004D6F23 /* BasicShader.metal */ = {isa = PBXFileReference; lastKnownFileType = sourcecode.metal; path = BasicShader.metal; sourceTree = "<group>"; };
		57ACEA3B2854E823004D6F23 /* MetalbrotRenderer.swift */ = {isa = PBXFileReference; lastKnownFileType = sourcecode.swift; path = MetalbrotRenderer.swift; sourceTree = "<group>"; };
		57ACEA3E2854E87E004D6F23 /* Helpers.swift */ = {isa = PBXFileReference; lastKnownFileType = sourcecode.swift; path = Helpers.swift; sourceTree = "<group>"; };
		57ACEA412854EB89004D6F23 /* Metalbrot (iOS).entitlements */ = {isa = PBXFileReference; lastKnownFileType = text.plist.entitlements; path = "Metalbrot (iOS).entitlements"; sourceTree = "<group>"; };
		57ACEA442854F481004D6F23 /* MetalHeaders.h */ = {isa = PBXFileReference; lastKnownFileType = sourcecode.c.h; path = MetalHeaders.h; sourceTree = "<group>"; };
		57B8F5982A0480E0002C104A /* ViewControllerAdapters.swift */ = {isa = PBXFileReference; fileEncoding = 4; lastKnownFileType = sourcecode.swift; path = ViewControllerAdapters.swift; sourceTree = "<group>"; };
		57FEEC98285B534300C4B9B4 /* Data.swift */ = {isa = PBXFileReference; lastKnownFileType = sourcecode.swift; path = Data.swift; sourceTree = "<group>"; };
		57FEEC9B285B563900C4B9B4 /* README.md */ = {isa = PBXFileReference; lastKnownFileType = net.daringfireball.markdown; path = README.md; sourceTree = "<group>"; };
		57FEEC9D285B57BB00C4B9B4 /* mbrot.png */ = {isa = PBXFileReference; lastKnownFileType = image.png; path = mbrot.png; sourceTree = "<group>"; };
/* End PBXFileReference section */

/* Begin PBXFrameworksBuildPhase section */
		572656B32A0470FD0031B46F /* Frameworks */ = {
			isa = PBXFrameworksBuildPhase;
			buildActionMask = 2147483647;
			files = (
			);
			runOnlyForDeploymentPostprocessing = 0;
		};
		57ACE9F72854E23E004D6F23 /* Frameworks */ = {
			isa = PBXFrameworksBuildPhase;
			buildActionMask = 2147483647;
			files = (
			);
			runOnlyForDeploymentPostprocessing = 0;
		};
		57ACE9FD2854E23E004D6F23 /* Frameworks */ = {
			isa = PBXFrameworksBuildPhase;
			buildActionMask = 2147483647;
			files = (
			);
			runOnlyForDeploymentPostprocessing = 0;
		};
		57ACEA042854E23E004D6F23 /* Frameworks */ = {
			isa = PBXFrameworksBuildPhase;
			buildActionMask = 2147483647;
			files = (
			);
			runOnlyForDeploymentPostprocessing = 0;
		};
		57ACEA102854E23E004D6F23 /* Frameworks */ = {
			isa = PBXFrameworksBuildPhase;
			buildActionMask = 2147483647;
			files = (
			);
			runOnlyForDeploymentPostprocessing = 0;
		};
/* End PBXFrameworksBuildPhase section */

/* Begin PBXGroup section */
		572656B72A0470FD0031B46F /* Metalbrot-Multiplatform */ = {
			isa = PBXGroup;
			children = (
				572656D12A0474700031B46F /* MetalbrotBaseViewController.swift */,
			);
			path = "Metalbrot-Multiplatform";
			sourceTree = "<group>";
		};
		57558E57285AC30B00B61D64 /* iOS */ = {
			isa = PBXGroup;
			children = (
				57ACEA322854E2B1004D6F23 /* MetalbrotViewController.swift */,
				57A033A52A04123300EB11B2 /* SwiftUIMetalKitView.swift */,
				57ACEA412854EB89004D6F23 /* Metalbrot (iOS).entitlements */,
			);
			path = iOS;
			sourceTree = "<group>";
		};
		57A033AD2A0448D000EB11B2 /* Metal */ = {
			isa = PBXGroup;
			children = (
				57ACEA3B2854E823004D6F23 /* MetalbrotRenderer.swift */,
				57ACEA442854F481004D6F23 /* MetalHeaders.h */,
				57ACEA382854E7EC004D6F23 /* BasicShader.metal */,
				57ACEA352854E7A0004D6F23 /* Brot.metal */,
				57FEEC98285B534300C4B9B4 /* Data.swift */,
				570883F52A06D5A700292AA1 /* RendererViewModel.swift */,
				570883F12A06D56100292AA1 /* BrotRendererModels.swift */,
			);
			path = Metal;
			sourceTree = "<group>";
		};
		57ACE9ED2854E23A004D6F23 = {
			isa = PBXGroup;
			children = (
				570883F92A06E7AA00292AA1 /* .gitignore */,
				57FEEC9B285B563900C4B9B4 /* README.md */,
				57FEEC9C285B575700C4B9B4 /* readme-assets */,
				57A033AD2A0448D000EB11B2 /* Metal */,
				57ACE9F22854E23A004D6F23 /* Shared */,
				572656B72A0470FD0031B46F /* Metalbrot-Multiplatform */,
				57558E57285AC30B00B61D64 /* iOS */,
				57ACEA012854E23E004D6F23 /* macOS */,
				57ACEA0A2854E23E004D6F23 /* Tests iOS */,
				57ACEA162854E23E004D6F23 /* Tests macOS */,
				57ACE9FB2854E23E004D6F23 /* Products */,
			);
			sourceTree = "<group>";
		};
		57ACE9F22854E23A004D6F23 /* Shared */ = {
			isa = PBXGroup;
			children = (
				57ACE9F32854E23A004D6F23 /* MetalbrotApp.swift */,
				57B8F5982A0480E0002C104A /* ViewControllerAdapters.swift */,
				57ACE9F42854E23A004D6F23 /* MainView.swift */,
				57A033A72A0446B000EB11B2 /* Extensions.swift */,
				57ACEA3E2854E87E004D6F23 /* Helpers.swift */,
				57ACE9F52854E23E004D6F23 /* Assets.xcassets */,
			);
			path = Shared;
			sourceTree = "<group>";
		};
		57ACE9FB2854E23E004D6F23 /* Products */ = {
			isa = PBXGroup;
			children = (
				57ACE9FA2854E23E004D6F23 /* Metalbrot.app */,
				57ACEA002854E23E004D6F23 /* Metalbrot.app */,
				57ACEA072854E23E004D6F23 /* Tests iOS.xctest */,
				57ACEA132854E23E004D6F23 /* Tests macOS.xctest */,
				572656B62A0470FD0031B46F /* Metalbrot-Multiplatform.app */,
			);
			name = Products;
			sourceTree = "<group>";
		};
		57ACEA012854E23E004D6F23 /* macOS */ = {
			isa = PBXGroup;
			children = (
				57558E58285AC36500B61D64 /* MetalbrotViewController-macOS.swift */,
				57ACEA022854E23E004D6F23 /* macOS.entitlements */,
			);
			path = macOS;
			sourceTree = "<group>";
		};
		57ACEA0A2854E23E004D6F23 /* Tests iOS */ = {
			isa = PBXGroup;
			children = (
				57ACEA0B2854E23E004D6F23 /* Tests_iOS.swift */,
				57ACEA0D2854E23E004D6F23 /* Tests_iOSLaunchTests.swift */,
			);
			path = "Tests iOS";
			sourceTree = "<group>";
		};
		57ACEA162854E23E004D6F23 /* Tests macOS */ = {
			isa = PBXGroup;
			children = (
				57ACEA172854E23E004D6F23 /* Tests_macOS.swift */,
				57ACEA192854E23E004D6F23 /* Tests_macOSLaunchTests.swift */,
			);
			path = "Tests macOS";
			sourceTree = "<group>";
		};
		57FEEC9C285B575700C4B9B4 /* readme-assets */ = {
			isa = PBXGroup;
			children = (
				57FEEC9D285B57BB00C4B9B4 /* mbrot.png */,
			);
			path = "readme-assets";
			sourceTree = "<group>";
		};
/* End PBXGroup section */

/* Begin PBXNativeTarget section */
		572656B52A0470FD0031B46F /* Metalbrot-Multiplatform */ = {
			isa = PBXNativeTarget;
			buildConfigurationList = 572656C42A0470FE0031B46F /* Build configuration list for PBXNativeTarget "Metalbrot-Multiplatform" */;
			buildPhases = (
				572656B22A0470FD0031B46F /* Sources */,
				572656B32A0470FD0031B46F /* Frameworks */,
				572656B42A0470FD0031B46F /* Resources */,
			);
			buildRules = (
			);
			dependencies = (
			);
			name = "Metalbrot-Multiplatform";
			productName = "Metalbrot-Multiplatform";
			productReference = 572656B62A0470FD0031B46F /* Metalbrot-Multiplatform.app */;
			productType = "com.apple.product-type.application";
		};
		57ACE9F92854E23E004D6F23 /* Metalbrot (iOS) */ = {
			isa = PBXNativeTarget;
			buildConfigurationList = 57ACEA232854E23E004D6F23 /* Build configuration list for PBXNativeTarget "Metalbrot (iOS)" */;
			buildPhases = (
				57ACE9F62854E23E004D6F23 /* Sources */,
				57ACE9F72854E23E004D6F23 /* Frameworks */,
				57ACE9F82854E23E004D6F23 /* Resources */,
			);
			buildRules = (
			);
			dependencies = (
			);
			name = "Metalbrot (iOS)";
			productName = "Metalbrot (iOS)";
			productReference = 57ACE9FA2854E23E004D6F23 /* Metalbrot.app */;
			productType = "com.apple.product-type.application";
		};
		57ACE9FF2854E23E004D6F23 /* Metalbrot (macOS) */ = {
			isa = PBXNativeTarget;
			buildConfigurationList = 57ACEA262854E23E004D6F23 /* Build configuration list for PBXNativeTarget "Metalbrot (macOS)" */;
			buildPhases = (
				57ACE9FC2854E23E004D6F23 /* Sources */,
				57ACE9FD2854E23E004D6F23 /* Frameworks */,
				57ACE9FE2854E23E004D6F23 /* Resources */,
			);
			buildRules = (
			);
			dependencies = (
			);
			name = "Metalbrot (macOS)";
			productName = "Metalbrot (macOS)";
			productReference = 57ACEA002854E23E004D6F23 /* Metalbrot.app */;
			productType = "com.apple.product-type.application";
		};
		57ACEA062854E23E004D6F23 /* Tests iOS */ = {
			isa = PBXNativeTarget;
			buildConfigurationList = 57ACEA292854E23E004D6F23 /* Build configuration list for PBXNativeTarget "Tests iOS" */;
			buildPhases = (
				57ACEA032854E23E004D6F23 /* Sources */,
				57ACEA042854E23E004D6F23 /* Frameworks */,
				57ACEA052854E23E004D6F23 /* Resources */,
			);
			buildRules = (
			);
			dependencies = (
				57ACEA092854E23E004D6F23 /* PBXTargetDependency */,
			);
			name = "Tests iOS";
			productName = "Tests iOS";
			productReference = 57ACEA072854E23E004D6F23 /* Tests iOS.xctest */;
			productType = "com.apple.product-type.bundle.ui-testing";
		};
		57ACEA122854E23E004D6F23 /* Tests macOS */ = {
			isa = PBXNativeTarget;
			buildConfigurationList = 57ACEA2C2854E23E004D6F23 /* Build configuration list for PBXNativeTarget "Tests macOS" */;
			buildPhases = (
				57ACEA0F2854E23E004D6F23 /* Sources */,
				57ACEA102854E23E004D6F23 /* Frameworks */,
				57ACEA112854E23E004D6F23 /* Resources */,
			);
			buildRules = (
			);
			dependencies = (
				57ACEA152854E23E004D6F23 /* PBXTargetDependency */,
			);
			name = "Tests macOS";
			productName = "Tests macOS";
			productReference = 57ACEA132854E23E004D6F23 /* Tests macOS.xctest */;
			productType = "com.apple.product-type.bundle.ui-testing";
		};
/* End PBXNativeTarget section */

/* Begin PBXProject section */
		57ACE9EE2854E23A004D6F23 /* Project object */ = {
			isa = PBXProject;
			attributes = {
				BuildIndependentTargetsInParallel = 1;
				LastSwiftUpdateCheck = 1430;
				LastUpgradeCheck = 1340;
				TargetAttributes = {
					572656B52A0470FD0031B46F = {
						CreatedOnToolsVersion = 14.3;
					};
					57ACE9F92854E23E004D6F23 = {
						CreatedOnToolsVersion = 13.4.1;
					};
					57ACE9FF2854E23E004D6F23 = {
						CreatedOnToolsVersion = 13.4.1;
					};
					57ACEA062854E23E004D6F23 = {
						CreatedOnToolsVersion = 13.4.1;
						TestTargetID = 57ACE9F92854E23E004D6F23;
					};
					57ACEA122854E23E004D6F23 = {
						CreatedOnToolsVersion = 13.4.1;
						TestTargetID = 57ACE9FF2854E23E004D6F23;
					};
				};
			};
			buildConfigurationList = 57ACE9F12854E23A004D6F23 /* Build configuration list for PBXProject "Metalbrot" */;
			compatibilityVersion = "Xcode 13.0";
			developmentRegion = en;
			hasScannedForEncodings = 0;
			knownRegions = (
				en,
				Base,
			);
			mainGroup = 57ACE9ED2854E23A004D6F23;
			productRefGroup = 57ACE9FB2854E23E004D6F23 /* Products */;
			projectDirPath = "";
			projectRoot = "";
			targets = (
				572656B52A0470FD0031B46F /* Metalbrot-Multiplatform */,
				57ACE9F92854E23E004D6F23 /* Metalbrot (iOS) */,
				57ACE9FF2854E23E004D6F23 /* Metalbrot (macOS) */,
				57ACEA062854E23E004D6F23 /* Tests iOS */,
				57ACEA122854E23E004D6F23 /* Tests macOS */,
			);
		};
/* End PBXProject section */

/* Begin PBXResourcesBuildPhase section */
		572656B42A0470FD0031B46F /* Resources */ = {
			isa = PBXResourcesBuildPhase;
			buildActionMask = 2147483647;
			files = (
				572656CB2A04710F0031B46F /* Assets.xcassets in Resources */,
			);
			runOnlyForDeploymentPostprocessing = 0;
		};
		57ACE9F82854E23E004D6F23 /* Resources */ = {
			isa = PBXResourcesBuildPhase;
			buildActionMask = 2147483647;
			files = (
				57ACEA1F2854E23E004D6F23 /* Assets.xcassets in Resources */,
			);
			runOnlyForDeploymentPostprocessing = 0;
		};
		57ACE9FE2854E23E004D6F23 /* Resources */ = {
			isa = PBXResourcesBuildPhase;
			buildActionMask = 2147483647;
			files = (
				57ACEA202854E23E004D6F23 /* Assets.xcassets in Resources */,
			);
			runOnlyForDeploymentPostprocessing = 0;
		};
		57ACEA052854E23E004D6F23 /* Resources */ = {
			isa = PBXResourcesBuildPhase;
			buildActionMask = 2147483647;
			files = (
			);
			runOnlyForDeploymentPostprocessing = 0;
		};
		57ACEA112854E23E004D6F23 /* Resources */ = {
			isa = PBXResourcesBuildPhase;
			buildActionMask = 2147483647;
			files = (
			);
			runOnlyForDeploymentPostprocessing = 0;
		};
/* End PBXResourcesBuildPhase section */

/* Begin PBXSourcesBuildPhase section */
		572656B22A0470FD0031B46F /* Sources */ = {
			isa = PBXSourcesBuildPhase;
			buildActionMask = 2147483647;
			files = (
				572656CF2A04710F0031B46F /* MainView.swift in Sources */,
				570883F62A06D5A700292AA1 /* RendererViewModel.swift in Sources */,
				57B8F5992A0480E0002C104A /* ViewControllerAdapters.swift in Sources */,
				572656CD2A04710F0031B46F /* Helpers.swift in Sources */,
				572656C82A04710A0031B46F /* Brot.metal in Sources */,
				572656D32A0474700031B46F /* MetalbrotBaseViewController.swift in Sources */,
				570883F22A06D56100292AA1 /* BrotRendererModels.swift in Sources */,
				572656C52A04710A0031B46F /* BasicShader.metal in Sources */,
				570883FA2A06FC8000292AA1 /* Extensions.swift in Sources */,
				572656CA2A04710F0031B46F /* (null) in Sources */,
				572656C62A04710A0031B46F /* Data.swift in Sources */,
				572656C92A04710A0031B46F /* MetalbrotRenderer.swift in Sources */,
				572656CE2A04710F0031B46F /* MetalbrotApp.swift in Sources */,
			);
			runOnlyForDeploymentPostprocessing = 0;
		};
		57ACE9F62854E23E004D6F23 /* Sources */ = {
			isa = PBXSourcesBuildPhase;
			buildActionMask = 2147483647;
			files = (
				57ACEA1D2854E23E004D6F23 /* MainView.swift in Sources */,
				57A033A62A04123300EB11B2 /* SwiftUIMetalKitView.swift in Sources */,
				57ACEA3F2854E87E004D6F23 /* Helpers.swift in Sources */,
				57ACEA1B2854E23E004D6F23 /* MetalbrotApp.swift in Sources */,
				57ACEA422854F43C004D6F23 /* Brot.metal in Sources */,
				57A033A82A0446B000EB11B2 /* Extensions.swift in Sources */,
				57ACEA3C2854E823004D6F23 /* MetalbrotRenderer.swift in Sources */,
				572656D22A0474700031B46F /* MetalbrotBaseViewController.swift in Sources */,
				57B8F59A2A0480E0002C104A /* ViewControllerAdapters.swift in Sources */,
				570883F32A06D56100292AA1 /* BrotRendererModels.swift in Sources */,
				57ACEA332854E2B1004D6F23 /* MetalbrotViewController.swift in Sources */,
				57FEEC99285B534300C4B9B4 /* Data.swift in Sources */,
				570883F72A06D5A700292AA1 /* RendererViewModel.swift in Sources */,
			);
			runOnlyForDeploymentPostprocessing = 0;
		};
		57ACE9FC2854E23E004D6F23 /* Sources */ = {
			isa = PBXSourcesBuildPhase;
			buildActionMask = 2147483647;
			files = (
				57558E59285AC36500B61D64 /* MetalbrotViewController-macOS.swift in Sources */,
				570883F82A06D5A700292AA1 /* RendererViewModel.swift in Sources */,
				57B8F59B2A0480E0002C104A /* ViewControllerAdapters.swift in Sources */,
				57A033A92A0446B000EB11B2 /* Extensions.swift in Sources */,
				572656D42A0476E20031B46F /* MetalbrotBaseViewController.swift in Sources */,
				57ACEA1E2854E23E004D6F23 /* MainView.swift in Sources */,
				570883F42A06D56100292AA1 /* BrotRendererModels.swift in Sources */,
				57ACEA402854E87E004D6F23 /* Helpers.swift in Sources */,
				57ACEA1C2854E23E004D6F23 /* MetalbrotApp.swift in Sources */,
				57ACEA432854F43D004D6F23 /* Brot.metal in Sources */,
				57ACEA3D2854E823004D6F23 /* MetalbrotRenderer.swift in Sources */,
				57FEEC9A285B534300C4B9B4 /* Data.swift in Sources */,
			);
			runOnlyForDeploymentPostprocessing = 0;
		};
		57ACEA032854E23E004D6F23 /* Sources */ = {
			isa = PBXSourcesBuildPhase;
			buildActionMask = 2147483647;
			files = (
				57ACEA0E2854E23E004D6F23 /* Tests_iOSLaunchTests.swift in Sources */,
				57ACEA0C2854E23E004D6F23 /* Tests_iOS.swift in Sources */,
			);
			runOnlyForDeploymentPostprocessing = 0;
		};
		57ACEA0F2854E23E004D6F23 /* Sources */ = {
			isa = PBXSourcesBuildPhase;
			buildActionMask = 2147483647;
			files = (
				57ACEA1A2854E23E004D6F23 /* Tests_macOSLaunchTests.swift in Sources */,
				57ACEA182854E23E004D6F23 /* Tests_macOS.swift in Sources */,
			);
			runOnlyForDeploymentPostprocessing = 0;
		};
/* End PBXSourcesBuildPhase section */

/* Begin PBXTargetDependency section */
		57ACEA092854E23E004D6F23 /* PBXTargetDependency */ = {
			isa = PBXTargetDependency;
			target = 57ACE9F92854E23E004D6F23 /* Metalbrot (iOS) */;
			targetProxy = 57ACEA082854E23E004D6F23 /* PBXContainerItemProxy */;
		};
		57ACEA152854E23E004D6F23 /* PBXTargetDependency */ = {
			isa = PBXTargetDependency;
			target = 57ACE9FF2854E23E004D6F23 /* Metalbrot (macOS) */;
			targetProxy = 57ACEA142854E23E004D6F23 /* PBXContainerItemProxy */;
		};
/* End PBXTargetDependency section */

/* Begin XCBuildConfiguration section */
		572656C22A0470FE0031B46F /* Debug */ = {
			isa = XCBuildConfiguration;
			buildSettings = {
				ASSETCATALOG_COMPILER_APPICON_NAME = AppIcon;
				ASSETCATALOG_COMPILER_GLOBAL_ACCENT_COLOR_NAME = AccentColor;
				CLANG_CXX_LANGUAGE_STANDARD = "gnu++20";
				CODE_SIGN_ENTITLEMENTS = "";
				CODE_SIGN_STYLE = Automatic;
				CURRENT_PROJECT_VERSION = 1;
				DEVELOPMENT_ASSET_PATHS = "";
				DEVELOPMENT_TEAM = 3C42F7N9CQ;
				ENABLE_HARDENED_RUNTIME = YES;
				ENABLE_PREVIEWS = YES;
				GENERATE_INFOPLIST_FILE = YES;
				INFOPLIST_KEY_CFBundleDisplayName = Metalbrot;
				INFOPLIST_KEY_LSApplicationCategoryType = "public.app-category.graphics-design";
				"INFOPLIST_KEY_UIApplicationSceneManifest_Generation[sdk=iphoneos*]" = YES;
				"INFOPLIST_KEY_UIApplicationSceneManifest_Generation[sdk=iphonesimulator*]" = YES;
				"INFOPLIST_KEY_UIApplicationSupportsIndirectInputEvents[sdk=iphoneos*]" = YES;
				"INFOPLIST_KEY_UIApplicationSupportsIndirectInputEvents[sdk=iphonesimulator*]" = YES;
				"INFOPLIST_KEY_UILaunchScreen_Generation[sdk=iphoneos*]" = YES;
				"INFOPLIST_KEY_UILaunchScreen_Generation[sdk=iphonesimulator*]" = YES;
				"INFOPLIST_KEY_UIStatusBarStyle[sdk=iphoneos*]" = UIStatusBarStyleDefault;
				"INFOPLIST_KEY_UIStatusBarStyle[sdk=iphonesimulator*]" = UIStatusBarStyleDefault;
				INFOPLIST_KEY_UISupportedInterfaceOrientations_iPad = "UIInterfaceOrientationPortrait UIInterfaceOrientationPortraitUpsideDown UIInterfaceOrientationLandscapeLeft UIInterfaceOrientationLandscapeRight";
				INFOPLIST_KEY_UISupportedInterfaceOrientations_iPhone = "UIInterfaceOrientationPortrait UIInterfaceOrientationLandscapeLeft UIInterfaceOrientationLandscapeRight";
				IPHONEOS_DEPLOYMENT_TARGET = 16.4;
				LD_RUNPATH_SEARCH_PATHS = "@executable_path/Frameworks";
				"LD_RUNPATH_SEARCH_PATHS[sdk=macosx*]" = "@executable_path/../Frameworks";
				MACOSX_DEPLOYMENT_TARGET = 13.3;
				MARKETING_VERSION = 1.0;
				PRODUCT_BUNDLE_IDENTIFIER = "com.jossy.Metalbrot-Multiplatform";
				PRODUCT_NAME = "$(TARGET_NAME)";
				SDKROOT = auto;
				SUPPORTED_PLATFORMS = "appletvos appletvsimulator iphoneos iphonesimulator macosx";
				SUPPORTS_MACCATALYST = NO;
				SUPPORTS_MAC_DESIGNED_FOR_IPHONE_IPAD = NO;
				SWIFT_EMIT_LOC_STRINGS = YES;
				SWIFT_VERSION = 5.0;
				TARGETED_DEVICE_FAMILY = "1,2,3";
			};
			name = Debug;
		};
		572656C32A0470FE0031B46F /* Release */ = {
			isa = XCBuildConfiguration;
			buildSettings = {
				ASSETCATALOG_COMPILER_APPICON_NAME = AppIcon;
				ASSETCATALOG_COMPILER_GLOBAL_ACCENT_COLOR_NAME = AccentColor;
				CLANG_CXX_LANGUAGE_STANDARD = "gnu++20";
				CODE_SIGN_ENTITLEMENTS = "";
				CODE_SIGN_STYLE = Automatic;
				CURRENT_PROJECT_VERSION = 1;
				DEVELOPMENT_ASSET_PATHS = "";
				DEVELOPMENT_TEAM = 3C42F7N9CQ;
				ENABLE_HARDENED_RUNTIME = YES;
				ENABLE_PREVIEWS = YES;
				GENERATE_INFOPLIST_FILE = YES;
				INFOPLIST_KEY_CFBundleDisplayName = Metalbrot;
				INFOPLIST_KEY_LSApplicationCategoryType = "public.app-category.graphics-design";
				"INFOPLIST_KEY_UIApplicationSceneManifest_Generation[sdk=iphoneos*]" = YES;
				"INFOPLIST_KEY_UIApplicationSceneManifest_Generation[sdk=iphonesimulator*]" = YES;
				"INFOPLIST_KEY_UIApplicationSupportsIndirectInputEvents[sdk=iphoneos*]" = YES;
				"INFOPLIST_KEY_UIApplicationSupportsIndirectInputEvents[sdk=iphonesimulator*]" = YES;
				"INFOPLIST_KEY_UILaunchScreen_Generation[sdk=iphoneos*]" = YES;
				"INFOPLIST_KEY_UILaunchScreen_Generation[sdk=iphonesimulator*]" = YES;
				"INFOPLIST_KEY_UIStatusBarStyle[sdk=iphoneos*]" = UIStatusBarStyleDefault;
				"INFOPLIST_KEY_UIStatusBarStyle[sdk=iphonesimulator*]" = UIStatusBarStyleDefault;
				INFOPLIST_KEY_UISupportedInterfaceOrientations_iPad = "UIInterfaceOrientationPortrait UIInterfaceOrientationPortraitUpsideDown UIInterfaceOrientationLandscapeLeft UIInterfaceOrientationLandscapeRight";
				INFOPLIST_KEY_UISupportedInterfaceOrientations_iPhone = "UIInterfaceOrientationPortrait UIInterfaceOrientationLandscapeLeft UIInterfaceOrientationLandscapeRight";
				IPHONEOS_DEPLOYMENT_TARGET = 16.4;
				LD_RUNPATH_SEARCH_PATHS = "@executable_path/Frameworks";
				"LD_RUNPATH_SEARCH_PATHS[sdk=macosx*]" = "@executable_path/../Frameworks";
				MACOSX_DEPLOYMENT_TARGET = 13.3;
				MARKETING_VERSION = 1.0;
				PRODUCT_BUNDLE_IDENTIFIER = "com.jossy.Metalbrot-Multiplatform";
				PRODUCT_NAME = "$(TARGET_NAME)";
				SDKROOT = auto;
				SUPPORTED_PLATFORMS = "appletvos appletvsimulator iphoneos iphonesimulator macosx";
				SUPPORTS_MACCATALYST = NO;
				SUPPORTS_MAC_DESIGNED_FOR_IPHONE_IPAD = NO;
				SWIFT_EMIT_LOC_STRINGS = YES;
				SWIFT_VERSION = 5.0;
				TARGETED_DEVICE_FAMILY = "1,2,3";
			};
			name = Release;
		};
		57ACEA212854E23E004D6F23 /* Debug */ = {
			isa = XCBuildConfiguration;
			buildSettings = {
				ALWAYS_SEARCH_USER_PATHS = NO;
				CLANG_ANALYZER_NONNULL = YES;
				CLANG_ANALYZER_NUMBER_OBJECT_CONVERSION = YES_AGGRESSIVE;
				CLANG_CXX_LANGUAGE_STANDARD = "gnu++17";
				CLANG_ENABLE_MODULES = YES;
				CLANG_ENABLE_OBJC_ARC = YES;
				CLANG_ENABLE_OBJC_WEAK = YES;
				CLANG_WARN_BLOCK_CAPTURE_AUTORELEASING = YES;
				CLANG_WARN_BOOL_CONVERSION = YES;
				CLANG_WARN_COMMA = YES;
				CLANG_WARN_CONSTANT_CONVERSION = YES;
				CLANG_WARN_DEPRECATED_OBJC_IMPLEMENTATIONS = YES;
				CLANG_WARN_DIRECT_OBJC_ISA_USAGE = YES_ERROR;
				CLANG_WARN_DOCUMENTATION_COMMENTS = YES;
				CLANG_WARN_EMPTY_BODY = YES;
				CLANG_WARN_ENUM_CONVERSION = YES;
				CLANG_WARN_INFINITE_RECURSION = YES;
				CLANG_WARN_INT_CONVERSION = YES;
				CLANG_WARN_NON_LITERAL_NULL_CONVERSION = YES;
				CLANG_WARN_OBJC_IMPLICIT_RETAIN_SELF = YES;
				CLANG_WARN_OBJC_LITERAL_CONVERSION = YES;
				CLANG_WARN_OBJC_ROOT_CLASS = YES_ERROR;
				CLANG_WARN_QUOTED_INCLUDE_IN_FRAMEWORK_HEADER = YES;
				CLANG_WARN_RANGE_LOOP_ANALYSIS = YES;
				CLANG_WARN_STRICT_PROTOTYPES = YES;
				CLANG_WARN_SUSPICIOUS_MOVE = YES;
				CLANG_WARN_UNGUARDED_AVAILABILITY = YES_AGGRESSIVE;
				CLANG_WARN_UNREACHABLE_CODE = YES;
				CLANG_WARN__DUPLICATE_METHOD_MATCH = YES;
				COPY_PHASE_STRIP = NO;
				DEBUG_INFORMATION_FORMAT = dwarf;
				ENABLE_STRICT_OBJC_MSGSEND = YES;
				ENABLE_TESTABILITY = YES;
				GCC_C_LANGUAGE_STANDARD = gnu11;
				GCC_DYNAMIC_NO_PIC = NO;
				GCC_NO_COMMON_BLOCKS = YES;
				GCC_OPTIMIZATION_LEVEL = 0;
				GCC_PREPROCESSOR_DEFINITIONS = (
					"DEBUG=1",
					"$(inherited)",
				);
				GCC_WARN_64_TO_32_BIT_CONVERSION = YES;
				GCC_WARN_ABOUT_RETURN_TYPE = YES_ERROR;
				GCC_WARN_UNDECLARED_SELECTOR = YES;
				GCC_WARN_UNINITIALIZED_AUTOS = YES_AGGRESSIVE;
				GCC_WARN_UNUSED_FUNCTION = YES;
				GCC_WARN_UNUSED_VARIABLE = YES;
				IPHONEOS_DEPLOYMENT_TARGET = 16.4;
				MACOSX_DEPLOYMENT_TARGET = 13.3;
				MTL_ENABLE_DEBUG_INFO = INCLUDE_SOURCE;
				MTL_FAST_MATH = YES;
				ONLY_ACTIVE_ARCH = YES;
				SWIFT_ACTIVE_COMPILATION_CONDITIONS = DEBUG;
				SWIFT_OPTIMIZATION_LEVEL = "-Onone";
				WATCHOS_DEPLOYMENT_TARGET = 8.5;
			};
			name = Debug;
		};
		57ACEA222854E23E004D6F23 /* Release */ = {
			isa = XCBuildConfiguration;
			buildSettings = {
				ALWAYS_SEARCH_USER_PATHS = NO;
				CLANG_ANALYZER_NONNULL = YES;
				CLANG_ANALYZER_NUMBER_OBJECT_CONVERSION = YES_AGGRESSIVE;
				CLANG_CXX_LANGUAGE_STANDARD = "gnu++17";
				CLANG_ENABLE_MODULES = YES;
				CLANG_ENABLE_OBJC_ARC = YES;
				CLANG_ENABLE_OBJC_WEAK = YES;
				CLANG_WARN_BLOCK_CAPTURE_AUTORELEASING = YES;
				CLANG_WARN_BOOL_CONVERSION = YES;
				CLANG_WARN_COMMA = YES;
				CLANG_WARN_CONSTANT_CONVERSION = YES;
				CLANG_WARN_DEPRECATED_OBJC_IMPLEMENTATIONS = YES;
				CLANG_WARN_DIRECT_OBJC_ISA_USAGE = YES_ERROR;
				CLANG_WARN_DOCUMENTATION_COMMENTS = YES;
				CLANG_WARN_EMPTY_BODY = YES;
				CLANG_WARN_ENUM_CONVERSION = YES;
				CLANG_WARN_INFINITE_RECURSION = YES;
				CLANG_WARN_INT_CONVERSION = YES;
				CLANG_WARN_NON_LITERAL_NULL_CONVERSION = YES;
				CLANG_WARN_OBJC_IMPLICIT_RETAIN_SELF = YES;
				CLANG_WARN_OBJC_LITERAL_CONVERSION = YES;
				CLANG_WARN_OBJC_ROOT_CLASS = YES_ERROR;
				CLANG_WARN_QUOTED_INCLUDE_IN_FRAMEWORK_HEADER = YES;
				CLANG_WARN_RANGE_LOOP_ANALYSIS = YES;
				CLANG_WARN_STRICT_PROTOTYPES = YES;
				CLANG_WARN_SUSPICIOUS_MOVE = YES;
				CLANG_WARN_UNGUARDED_AVAILABILITY = YES_AGGRESSIVE;
				CLANG_WARN_UNREACHABLE_CODE = YES;
				CLANG_WARN__DUPLICATE_METHOD_MATCH = YES;
				COPY_PHASE_STRIP = NO;
				DEBUG_INFORMATION_FORMAT = "dwarf-with-dsym";
				ENABLE_NS_ASSERTIONS = NO;
				ENABLE_STRICT_OBJC_MSGSEND = YES;
				GCC_C_LANGUAGE_STANDARD = gnu11;
				GCC_NO_COMMON_BLOCKS = YES;
				GCC_WARN_64_TO_32_BIT_CONVERSION = YES;
				GCC_WARN_ABOUT_RETURN_TYPE = YES_ERROR;
				GCC_WARN_UNDECLARED_SELECTOR = YES;
				GCC_WARN_UNINITIALIZED_AUTOS = YES_AGGRESSIVE;
				GCC_WARN_UNUSED_FUNCTION = YES;
				GCC_WARN_UNUSED_VARIABLE = YES;
				IPHONEOS_DEPLOYMENT_TARGET = 16.4;
				MACOSX_DEPLOYMENT_TARGET = 13.3;
				MTL_ENABLE_DEBUG_INFO = NO;
				MTL_FAST_MATH = YES;
				SWIFT_COMPILATION_MODE = wholemodule;
				SWIFT_OPTIMIZATION_LEVEL = "-O";
				WATCHOS_DEPLOYMENT_TARGET = 8.5;
			};
			name = Release;
		};
		57ACEA242854E23E004D6F23 /* Debug */ = {
			isa = XCBuildConfiguration;
			buildSettings = {
				ASSETCATALOG_COMPILER_APPICON_NAME = AppIcon;
				ASSETCATALOG_COMPILER_GLOBAL_ACCENT_COLOR_NAME = AccentColor;
				CODE_SIGN_ENTITLEMENTS = "iOS/Metalbrot (iOS).entitlements";
				"CODE_SIGN_IDENTITY[sdk=macosx*]" = "Apple Development";
				CODE_SIGN_STYLE = Automatic;
				CURRENT_PROJECT_VERSION = 1;
				DEVELOPMENT_TEAM = 3C42F7N9CQ;
				ENABLE_PREVIEWS = YES;
				GENERATE_INFOPLIST_FILE = YES;
				INFOPLIST_KEY_LSApplicationCategoryType = "public.app-category.graphics-design";
				INFOPLIST_KEY_UIApplicationSceneManifest_Generation = YES;
				INFOPLIST_KEY_UIApplicationSupportsIndirectInputEvents = YES;
				INFOPLIST_KEY_UILaunchScreen_Generation = YES;
				INFOPLIST_KEY_UISupportedInterfaceOrientations = "UIInterfaceOrientationLandscapeLeft UIInterfaceOrientationLandscapeRight UIInterfaceOrientationPortrait UIInterfaceOrientationPortraitUpsideDown";
				INFOPLIST_KEY_UIUserInterfaceStyle = Dark;
				IPHONEOS_DEPLOYMENT_TARGET = 16.4;
				LD_RUNPATH_SEARCH_PATHS = (
					"$(inherited)",
					"@executable_path/Frameworks",
				);
				MARKETING_VERSION = 1.0;
				PRODUCT_BUNDLE_IDENTIFIER = org.jossy.Metalbrot;
				PRODUCT_NAME = Metalbrot;
				SDKROOT = iphoneos;
				SUPPORTS_MACCATALYST = YES;
				SWIFT_EMIT_LOC_STRINGS = YES;
				SWIFT_VERSION = 5.0;
				TARGETED_DEVICE_FAMILY = "1,2,6";
			};
			name = Debug;
		};
		57ACEA252854E23E004D6F23 /* Release */ = {
			isa = XCBuildConfiguration;
			buildSettings = {
				ASSETCATALOG_COMPILER_APPICON_NAME = AppIcon;
				ASSETCATALOG_COMPILER_GLOBAL_ACCENT_COLOR_NAME = AccentColor;
				CODE_SIGN_ENTITLEMENTS = "iOS/Metalbrot (iOS).entitlements";
				"CODE_SIGN_IDENTITY[sdk=macosx*]" = "Apple Development";
				CODE_SIGN_STYLE = Automatic;
				CURRENT_PROJECT_VERSION = 1;
				DEVELOPMENT_TEAM = 3C42F7N9CQ;
				ENABLE_PREVIEWS = YES;
				GENERATE_INFOPLIST_FILE = YES;
				INFOPLIST_KEY_LSApplicationCategoryType = "public.app-category.graphics-design";
				INFOPLIST_KEY_UIApplicationSceneManifest_Generation = YES;
				INFOPLIST_KEY_UIApplicationSupportsIndirectInputEvents = YES;
				INFOPLIST_KEY_UILaunchScreen_Generation = YES;
				INFOPLIST_KEY_UISupportedInterfaceOrientations = "UIInterfaceOrientationLandscapeLeft UIInterfaceOrientationLandscapeRight UIInterfaceOrientationPortrait UIInterfaceOrientationPortraitUpsideDown";
				INFOPLIST_KEY_UIUserInterfaceStyle = Dark;
				IPHONEOS_DEPLOYMENT_TARGET = 16.4;
				LD_RUNPATH_SEARCH_PATHS = (
					"$(inherited)",
					"@executable_path/Frameworks",
				);
				MARKETING_VERSION = 1.0;
				PRODUCT_BUNDLE_IDENTIFIER = org.jossy.Metalbrot;
				PRODUCT_NAME = Metalbrot;
				SDKROOT = iphoneos;
				SUPPORTS_MACCATALYST = YES;
				SWIFT_EMIT_LOC_STRINGS = YES;
				SWIFT_VERSION = 5.0;
				TARGETED_DEVICE_FAMILY = "1,2,6";
				VALIDATE_PRODUCT = YES;
			};
			name = Release;
		};
		57ACEA272854E23E004D6F23 /* Debug */ = {
			isa = XCBuildConfiguration;
			buildSettings = {
				ASSETCATALOG_COMPILER_APPICON_NAME = AppIcon;
				ASSETCATALOG_COMPILER_GLOBAL_ACCENT_COLOR_NAME = AccentColor;
				CODE_SIGN_ENTITLEMENTS = macOS/macOS.entitlements;
				CODE_SIGN_STYLE = Automatic;
				COMBINE_HIDPI_IMAGES = YES;
				CURRENT_PROJECT_VERSION = 1;
				DEVELOPMENT_TEAM = 3C42F7N9CQ;
				ENABLE_HARDENED_RUNTIME = YES;
				ENABLE_PREVIEWS = YES;
				GENERATE_INFOPLIST_FILE = YES;
				INFOPLIST_KEY_LSApplicationCategoryType = "public.app-category.graphics-design";
				INFOPLIST_KEY_NSHumanReadableCopyright = "";
				LD_RUNPATH_SEARCH_PATHS = (
					"$(inherited)",
					"@executable_path/../Frameworks",
				);
				MACOSX_DEPLOYMENT_TARGET = 13.3;
				MARKETING_VERSION = 1.0;
				PRODUCT_BUNDLE_IDENTIFIER = org.jossy.Metalbrot;
				PRODUCT_NAME = Metalbrot;
				SDKROOT = macosx;
				SWIFT_EMIT_LOC_STRINGS = YES;
				SWIFT_VERSION = 5.0;
			};
			name = Debug;
		};
		57ACEA282854E23E004D6F23 /* Release */ = {
			isa = XCBuildConfiguration;
			buildSettings = {
				ASSETCATALOG_COMPILER_APPICON_NAME = AppIcon;
				ASSETCATALOG_COMPILER_GLOBAL_ACCENT_COLOR_NAME = AccentColor;
				CODE_SIGN_ENTITLEMENTS = macOS/macOS.entitlements;
				CODE_SIGN_STYLE = Automatic;
				COMBINE_HIDPI_IMAGES = YES;
				CURRENT_PROJECT_VERSION = 1;
				DEVELOPMENT_TEAM = 3C42F7N9CQ;
				ENABLE_HARDENED_RUNTIME = YES;
				ENABLE_PREVIEWS = YES;
				GENERATE_INFOPLIST_FILE = YES;
				INFOPLIST_KEY_LSApplicationCategoryType = "public.app-category.graphics-design";
				INFOPLIST_KEY_NSHumanReadableCopyright = "";
				LD_RUNPATH_SEARCH_PATHS = (
					"$(inherited)",
					"@executable_path/../Frameworks",
				);
				MACOSX_DEPLOYMENT_TARGET = 13.3;
				MARKETING_VERSION = 1.0;
				PRODUCT_BUNDLE_IDENTIFIER = org.jossy.Metalbrot;
				PRODUCT_NAME = Metalbrot;
				SDKROOT = macosx;
				SWIFT_EMIT_LOC_STRINGS = YES;
				SWIFT_VERSION = 5.0;
			};
			name = Release;
		};
		57ACEA2A2854E23E004D6F23 /* Debug */ = {
			isa = XCBuildConfiguration;
			buildSettings = {
				ALWAYS_EMBED_SWIFT_STANDARD_LIBRARIES = YES;
				CODE_SIGN_STYLE = Automatic;
				CURRENT_PROJECT_VERSION = 1;
				DEVELOPMENT_TEAM = 3C42F7N9CQ;
				GENERATE_INFOPLIST_FILE = YES;
				IPHONEOS_DEPLOYMENT_TARGET = 15.5;
				MARKETING_VERSION = 1.0;
				PRODUCT_BUNDLE_IDENTIFIER = "org.jossy.Tests-iOS";
				PRODUCT_NAME = "$(TARGET_NAME)";
				SDKROOT = iphoneos;
				SWIFT_EMIT_LOC_STRINGS = NO;
				SWIFT_VERSION = 5.0;
				TARGETED_DEVICE_FAMILY = "1,2";
				TEST_TARGET_NAME = "Metalbrot (iOS)";
			};
			name = Debug;
		};
		57ACEA2B2854E23E004D6F23 /* Release */ = {
			isa = XCBuildConfiguration;
			buildSettings = {
				ALWAYS_EMBED_SWIFT_STANDARD_LIBRARIES = YES;
				CODE_SIGN_STYLE = Automatic;
				CURRENT_PROJECT_VERSION = 1;
				DEVELOPMENT_TEAM = 3C42F7N9CQ;
				GENERATE_INFOPLIST_FILE = YES;
				IPHONEOS_DEPLOYMENT_TARGET = 15.5;
				MARKETING_VERSION = 1.0;
				PRODUCT_BUNDLE_IDENTIFIER = "org.jossy.Tests-iOS";
				PRODUCT_NAME = "$(TARGET_NAME)";
				SDKROOT = iphoneos;
				SWIFT_EMIT_LOC_STRINGS = NO;
				SWIFT_VERSION = 5.0;
				TARGETED_DEVICE_FAMILY = "1,2";
				TEST_TARGET_NAME = "Metalbrot (iOS)";
				VALIDATE_PRODUCT = YES;
			};
			name = Release;
		};
		57ACEA2D2854E23E004D6F23 /* Debug */ = {
			isa = XCBuildConfiguration;
			buildSettings = {
				ALWAYS_EMBED_SWIFT_STANDARD_LIBRARIES = YES;
				CODE_SIGN_STYLE = Automatic;
				CURRENT_PROJECT_VERSION = 1;
				DEVELOPMENT_TEAM = 3C42F7N9CQ;
				GENERATE_INFOPLIST_FILE = YES;
				MACOSX_DEPLOYMENT_TARGET = 12.3;
				MARKETING_VERSION = 1.0;
				PRODUCT_BUNDLE_IDENTIFIER = "org.jossy.Tests-macOS";
				PRODUCT_NAME = "$(TARGET_NAME)";
				SDKROOT = macosx;
				SWIFT_EMIT_LOC_STRINGS = NO;
				SWIFT_VERSION = 5.0;
				TEST_TARGET_NAME = "Metalbrot (macOS)";
			};
			name = Debug;
		};
		57ACEA2E2854E23E004D6F23 /* Release */ = {
			isa = XCBuildConfiguration;
			buildSettings = {
				ALWAYS_EMBED_SWIFT_STANDARD_LIBRARIES = YES;
				CODE_SIGN_STYLE = Automatic;
				CURRENT_PROJECT_VERSION = 1;
				DEVELOPMENT_TEAM = 3C42F7N9CQ;
				GENERATE_INFOPLIST_FILE = YES;
				MACOSX_DEPLOYMENT_TARGET = 12.3;
				MARKETING_VERSION = 1.0;
				PRODUCT_BUNDLE_IDENTIFIER = "org.jossy.Tests-macOS";
				PRODUCT_NAME = "$(TARGET_NAME)";
				SDKROOT = macosx;
				SWIFT_EMIT_LOC_STRINGS = NO;
				SWIFT_VERSION = 5.0;
				TEST_TARGET_NAME = "Metalbrot (macOS)";
			};
			name = Release;
		};
/* End XCBuildConfiguration section */

/* Begin XCConfigurationList section */
		572656C42A0470FE0031B46F /* Build configuration list for PBXNativeTarget "Metalbrot-Multiplatform" */ = {
			isa = XCConfigurationList;
			buildConfigurations = (
				572656C22A0470FE0031B46F /* Debug */,
				572656C32A0470FE0031B46F /* Release */,
			);
			defaultConfigurationIsVisible = 0;
			defaultConfigurationName = Release;
		};
		57ACE9F12854E23A004D6F23 /* Build configuration list for PBXProject "Metalbrot" */ = {
			isa = XCConfigurationList;
			buildConfigurations = (
				57ACEA212854E23E004D6F23 /* Debug */,
				57ACEA222854E23E004D6F23 /* Release */,
			);
			defaultConfigurationIsVisible = 0;
			defaultConfigurationName = Release;
		};
		57ACEA232854E23E004D6F23 /* Build configuration list for PBXNativeTarget "Metalbrot (iOS)" */ = {
			isa = XCConfigurationList;
			buildConfigurations = (
				57ACEA242854E23E004D6F23 /* Debug */,
				57ACEA252854E23E004D6F23 /* Release */,
			);
			defaultConfigurationIsVisible = 0;
			defaultConfigurationName = Release;
		};
		57ACEA262854E23E004D6F23 /* Build configuration list for PBXNativeTarget "Metalbrot (macOS)" */ = {
			isa = XCConfigurationList;
			buildConfigurations = (
				57ACEA272854E23E004D6F23 /* Debug */,
				57ACEA282854E23E004D6F23 /* Release */,
			);
			defaultConfigurationIsVisible = 0;
			defaultConfigurationName = Release;
		};
		57ACEA292854E23E004D6F23 /* Build configuration list for PBXNativeTarget "Tests iOS" */ = {
			isa = XCConfigurationList;
			buildConfigurations = (
				57ACEA2A2854E23E004D6F23 /* Debug */,
				57ACEA2B2854E23E004D6F23 /* Release */,
			);
			defaultConfigurationIsVisible = 0;
			defaultConfigurationName = Release;
		};
		57ACEA2C2854E23E004D6F23 /* Build configuration list for PBXNativeTarget "Tests macOS" */ = {
			isa = XCConfigurationList;
			buildConfigurations = (
				57ACEA2D2854E23E004D6F23 /* Debug */,
				57ACEA2E2854E23E004D6F23 /* Release */,
			);
			defaultConfigurationIsVisible = 0;
			defaultConfigurationName = Release;
		};
/* End XCConfigurationList section */
	};
	rootObject = 57ACE9EE2854E23A004D6F23 /* Project object */;
}
